// !$*UTF8*$!
{
	archiveVersion = 1;
	classes = {
	};
	objectVersion = 50;
	objects = {

/* Begin PBXBuildFile section */
		30124DB8266E08A50016C1FC /* YDRequest.swift in Sources */ = {isa = PBXBuildFile; fileRef = 30124DB7266E08A50016C1FC /* YDRequest.swift */; };
		30124DC0266E0A5F0016C1FC /* YDRequestConstant.swift in Sources */ = {isa = PBXBuildFile; fileRef = 30124DBF266E0A5F0016C1FC /* YDRequestConstant.swift */; };
		30124DD6266E1B1C0016C1FC /* YDRequestConfig.swift in Sources */ = {isa = PBXBuildFile; fileRef = 30124DD5266E1B1C0016C1FC /* YDRequestConfig.swift */; };
		3041D6AF265EA85F00D03ECD /* YDUserInfo.swift in Sources */ = {isa = PBXBuildFile; fileRef = 3041D6AE265EA85F00D03ECD /* YDUserInfo.swift */; };
		306A3EED2665DE3B0057CF7B /* StatusEntrance.swift in Sources */ = {isa = PBXBuildFile; fileRef = 306A3EEC2665DE3B0057CF7B /* StatusEntrance.swift */; };
		306A3EF5266619E00057CF7B /* Lift.swift in Sources */ = {isa = PBXBuildFile; fileRef = 306A3EF4266619E00057CF7B /* Lift.swift */; };
		306A3EFA2666391E0057CF7B /* LiftStatus.swift in Sources */ = {isa = PBXBuildFile; fileRef = 306A3EF92666391E0057CF7B /* LiftStatus.swift */; };
		306A3EFF26663A010057CF7B /* LiftOpeningStatus.swift in Sources */ = {isa = PBXBuildFile; fileRef = 306A3EFE26663A010057CF7B /* LiftOpeningStatus.swift */; };
		306A3F0426663C3D0057CF7B /* LiftStatusContext.swift in Sources */ = {isa = PBXBuildFile; fileRef = 306A3F0326663C3D0057CF7B /* LiftStatusContext.swift */; };
		306A3F0F26663D080057CF7B /* LiftClosingStatus.swift in Sources */ = {isa = PBXBuildFile; fileRef = 306A3F0E26663D080057CF7B /* LiftClosingStatus.swift */; };
		306A3F1426663D150057CF7B /* LiftRunningStatus.swift in Sources */ = {isa = PBXBuildFile; fileRef = 306A3F1326663D150057CF7B /* LiftRunningStatus.swift */; };
		306A3F1F26663D3F0057CF7B /* LiftStoppingStatus.swift in Sources */ = {isa = PBXBuildFile; fileRef = 306A3F1E26663D3F0057CF7B /* LiftStoppingStatus.swift */; };
		30776BBE265E8F40008AABFC /* YDTabBarController.swift in Sources */ = {isa = PBXBuildFile; fileRef = 30776BBD265E8F40008AABFC /* YDTabBarController.swift */; };
		30776BC3265E8FE2008AABFC /* YDUserSession.swift in Sources */ = {isa = PBXBuildFile; fileRef = 30776BC2265E8FE2008AABFC /* YDUserSession.swift */; };
		30776BC8265E92A9008AABFC /* YDNavigationController.swift in Sources */ = {isa = PBXBuildFile; fileRef = 30776BC7265E92A9008AABFC /* YDNavigationController.swift */; };
		30776BD9265E941F008AABFC /* YDViewController.swift in Sources */ = {isa = PBXBuildFile; fileRef = 30776BD8265E941F008AABFC /* YDViewController.swift */; };
		30776BDE265E983B008AABFC /* YDHomeViewController.swift in Sources */ = {isa = PBXBuildFile; fileRef = 30776BDD265E983B008AABFC /* YDHomeViewController.swift */; };
		30776BE6265E9855008AABFC /* YDMineViewController.swift in Sources */ = {isa = PBXBuildFile; fileRef = 30776BE5265E9855008AABFC /* YDMineViewController.swift */; };
		30776BEE265E987C008AABFC /* YDPropertyViewController.swift in Sources */ = {isa = PBXBuildFile; fileRef = 30776BED265E987C008AABFC /* YDPropertyViewController.swift */; };
		307CBD2D266E6A2000E7CD46 /* YDLoginViewController.swift in Sources */ = {isa = PBXBuildFile; fileRef = 307CBD2B266E6A2000E7CD46 /* YDLoginViewController.swift */; };
		307CBD2E266E6A2000E7CD46 /* YDLoginViewController.xib in Resources */ = {isa = PBXBuildFile; fileRef = 307CBD2C266E6A2000E7CD46 /* YDLoginViewController.xib */; };
		307CBD3D266E796B00E7CD46 /* YDRetrievePwdViewController.swift in Sources */ = {isa = PBXBuildFile; fileRef = 307CBD3B266E796B00E7CD46 /* YDRetrievePwdViewController.swift */; };
		307CBD3E266E796B00E7CD46 /* YDRetrievePwdViewController.xib in Resources */ = {isa = PBXBuildFile; fileRef = 307CBD3C266E796B00E7CD46 /* YDRetrievePwdViewController.xib */; };
		307CBD43266E7F5B00E7CD46 /* YDRetrievePwdCheckingViewController.swift in Sources */ = {isa = PBXBuildFile; fileRef = 307CBD42266E7F5B00E7CD46 /* YDRetrievePwdCheckingViewController.swift */; };
		307CBD48266E85AE00E7CD46 /* YDBaseSheetViewController.swift in Sources */ = {isa = PBXBuildFile; fileRef = 307CBD47266E85AE00E7CD46 /* YDBaseSheetViewController.swift */; };
		30CD77A925C1423900CEA0F6 /* YDConstant.swift in Sources */ = {isa = PBXBuildFile; fileRef = 30CD77A825C1423900CEA0F6 /* YDConstant.swift */; };
		30CD77B825C1454400CEA0F6 /* CommandEntrance.swift in Sources */ = {isa = PBXBuildFile; fileRef = 30CD77B725C1454400CEA0F6 /* CommandEntrance.swift */; };
		30CD77BD25C1457600CEA0F6 /* DPEntrance.swift in Sources */ = {isa = PBXBuildFile; fileRef = 30CD77BC25C1457600CEA0F6 /* DPEntrance.swift */; };
		30CD77C525C14B0700CEA0F6 /* CMDGroup.swift in Sources */ = {isa = PBXBuildFile; fileRef = 30CD77C425C14B0700CEA0F6 /* CMDGroup.swift */; };
		30CD77CA25C14B9800CEA0F6 /* CMDRequirementGroup.swift in Sources */ = {isa = PBXBuildFile; fileRef = 30CD77C925C14B9800CEA0F6 /* CMDRequirementGroup.swift */; };
		30CD77CF25C14C3800CEA0F6 /* CMDPageGroup.swift in Sources */ = {isa = PBXBuildFile; fileRef = 30CD77CE25C14C3800CEA0F6 /* CMDPageGroup.swift */; };
		30CD77D425C14CCD00CEA0F6 /* CMDCodeGroup.swift in Sources */ = {isa = PBXBuildFile; fileRef = 30CD77D325C14CCD00CEA0F6 /* CMDCodeGroup.swift */; };
		30CD77D925C14F8B00CEA0F6 /* CMDInvoker.swift in Sources */ = {isa = PBXBuildFile; fileRef = 30CD77D825C14F8B00CEA0F6 /* CMDInvoker.swift */; };
		30CD77E125C1524D00CEA0F6 /* CMDCommand.swift in Sources */ = {isa = PBXBuildFile; fileRef = 30CD77E025C1524D00CEA0F6 /* CMDCommand.swift */; };
		30CD77FC25C1596D00CEA0F6 /* CMDAddRequirementCommand.swift in Sources */ = {isa = PBXBuildFile; fileRef = 30CD77FB25C1596D00CEA0F6 /* CMDAddRequirementCommand.swift */; };
		30CD780125C15A0E00CEA0F6 /* CMDDeletePageCommand.swift in Sources */ = {isa = PBXBuildFile; fileRef = 30CD780025C15A0E00CEA0F6 /* CMDDeletePageCommand.swift */; };
		30CD780925C1678000CEA0F6 /* CMDChangeCodeCommand.swift in Sources */ = {isa = PBXBuildFile; fileRef = 30CD780825C1678000CEA0F6 /* CMDChangeCodeCommand.swift */; };
		30DA670225908092008BE5F3 /* AppDelegate.m in Sources */ = {isa = PBXBuildFile; fileRef = 30DA670125908092008BE5F3 /* AppDelegate.m */; };
		30DA670D25908094008BE5F3 /* Assets.xcassets in Resources */ = {isa = PBXBuildFile; fileRef = 30DA670C25908094008BE5F3 /* Assets.xcassets */; };
		30DA671025908094008BE5F3 /* LaunchScreen.storyboard in Resources */ = {isa = PBXBuildFile; fileRef = 30DA670E25908094008BE5F3 /* LaunchScreen.storyboard */; };
		30DA671325908094008BE5F3 /* main.m in Sources */ = {isa = PBXBuildFile; fileRef = 30DA671225908094008BE5F3 /* main.m */; };
		30DA671D25908094008BE5F3 /* iphoneComTests.m in Sources */ = {isa = PBXBuildFile; fileRef = 30DA671C25908094008BE5F3 /* iphoneComTests.m */; };
		30DA672825908094008BE5F3 /* iphoneComUITests.m in Sources */ = {isa = PBXBuildFile; fileRef = 30DA672725908094008BE5F3 /* iphoneComUITests.m */; };
		30DA676725908194008BE5F3 /* TestResource_JSON.json in Resources */ = {isa = PBXBuildFile; fileRef = 30DA675925908194008BE5F3 /* TestResource_JSON.json */; };
		30DA676825908194008BE5F3 /* MLTestViewController.xib in Resources */ = {isa = PBXBuildFile; fileRef = 30DA675D25908194008BE5F3 /* MLTestViewController.xib */; };
		30DA676925908194008BE5F3 /* MLTestView.swift in Sources */ = {isa = PBXBuildFile; fileRef = 30DA675E25908194008BE5F3 /* MLTestView.swift */; };
		30DA676A25908194008BE5F3 /* MLTestViewController.swift in Sources */ = {isa = PBXBuildFile; fileRef = 30DA675F25908194008BE5F3 /* MLTestViewController.swift */; };
		30DA676B25908194008BE5F3 /* YDMemoryMonitor.swift in Sources */ = {isa = PBXBuildFile; fileRef = 30DA676125908194008BE5F3 /* YDMemoryMonitor.swift */; };
		30DA676C25908194008BE5F3 /* UIView+Extension.swift in Sources */ = {isa = PBXBuildFile; fileRef = 30DA676325908194008BE5F3 /* UIView+Extension.swift */; };
		30DA676D25908194008BE5F3 /* UIImage+Extension.swift in Sources */ = {isa = PBXBuildFile; fileRef = 30DA676425908194008BE5F3 /* UIImage+Extension.swift */; };
		30DA676E25908194008BE5F3 /* YDGlobal.swift in Sources */ = {isa = PBXBuildFile; fileRef = 30DA676525908194008BE5F3 /* YDGlobal.swift */; };
		6F2177959A114154027648A7 /* libPods-iphoneCom.a in Frameworks */ = {isa = PBXBuildFile; fileRef = AD4E955EBD1E88752908910F /* libPods-iphoneCom.a */; };
/* End PBXBuildFile section */

/* Begin PBXContainerItemProxy section */
		30DA671925908094008BE5F3 /* PBXContainerItemProxy */ = {
			isa = PBXContainerItemProxy;
			containerPortal = 30DA66F525908092008BE5F3 /* Project object */;
			proxyType = 1;
			remoteGlobalIDString = 30DA66FC25908092008BE5F3;
			remoteInfo = iphoneCom;
		};
		30DA672425908094008BE5F3 /* PBXContainerItemProxy */ = {
			isa = PBXContainerItemProxy;
			containerPortal = 30DA66F525908092008BE5F3 /* Project object */;
			proxyType = 1;
			remoteGlobalIDString = 30DA66FC25908092008BE5F3;
			remoteInfo = iphoneCom;
		};
/* End PBXContainerItemProxy section */

/* Begin PBXFileReference section */
		2215AD3C5554281AFA44C555 /* Pods-iphoneCom.release.xcconfig */ = {isa = PBXFileReference; includeInIndex = 1; lastKnownFileType = text.xcconfig; name = "Pods-iphoneCom.release.xcconfig"; path = "Target Support Files/Pods-iphoneCom/Pods-iphoneCom.release.xcconfig"; sourceTree = "<group>"; };
		30124DB7266E08A50016C1FC /* YDRequest.swift */ = {isa = PBXFileReference; lastKnownFileType = sourcecode.swift; path = YDRequest.swift; sourceTree = "<group>"; };
		30124DBF266E0A5F0016C1FC /* YDRequestConstant.swift */ = {isa = PBXFileReference; lastKnownFileType = sourcecode.swift; path = YDRequestConstant.swift; sourceTree = "<group>"; };
		30124DD5266E1B1C0016C1FC /* YDRequestConfig.swift */ = {isa = PBXFileReference; lastKnownFileType = sourcecode.swift; path = YDRequestConfig.swift; sourceTree = "<group>"; };
		3041D6AE265EA85F00D03ECD /* YDUserInfo.swift */ = {isa = PBXFileReference; lastKnownFileType = sourcecode.swift; path = YDUserInfo.swift; sourceTree = "<group>"; };
		306A3EEC2665DE3B0057CF7B /* StatusEntrance.swift */ = {isa = PBXFileReference; lastKnownFileType = sourcecode.swift; path = StatusEntrance.swift; sourceTree = "<group>"; };
		306A3EF4266619E00057CF7B /* Lift.swift */ = {isa = PBXFileReference; lastKnownFileType = sourcecode.swift; path = Lift.swift; sourceTree = "<group>"; };
		306A3EF92666391E0057CF7B /* LiftStatus.swift */ = {isa = PBXFileReference; lastKnownFileType = sourcecode.swift; path = LiftStatus.swift; sourceTree = "<group>"; };
		306A3EFE26663A010057CF7B /* LiftOpeningStatus.swift */ = {isa = PBXFileReference; lastKnownFileType = sourcecode.swift; path = LiftOpeningStatus.swift; sourceTree = "<group>"; };
		306A3F0326663C3D0057CF7B /* LiftStatusContext.swift */ = {isa = PBXFileReference; lastKnownFileType = sourcecode.swift; path = LiftStatusContext.swift; sourceTree = "<group>"; };
		306A3F0E26663D080057CF7B /* LiftClosingStatus.swift */ = {isa = PBXFileReference; lastKnownFileType = sourcecode.swift; path = LiftClosingStatus.swift; sourceTree = "<group>"; };
		306A3F1326663D150057CF7B /* LiftRunningStatus.swift */ = {isa = PBXFileReference; lastKnownFileType = sourcecode.swift; path = LiftRunningStatus.swift; sourceTree = "<group>"; };
		306A3F1E26663D3F0057CF7B /* LiftStoppingStatus.swift */ = {isa = PBXFileReference; lastKnownFileType = sourcecode.swift; path = LiftStoppingStatus.swift; sourceTree = "<group>"; };
		30776BBD265E8F40008AABFC /* YDTabBarController.swift */ = {isa = PBXFileReference; lastKnownFileType = sourcecode.swift; path = YDTabBarController.swift; sourceTree = "<group>"; };
		30776BC2265E8FE2008AABFC /* YDUserSession.swift */ = {isa = PBXFileReference; lastKnownFileType = sourcecode.swift; path = YDUserSession.swift; sourceTree = "<group>"; };
		30776BC7265E92A9008AABFC /* YDNavigationController.swift */ = {isa = PBXFileReference; lastKnownFileType = sourcecode.swift; path = YDNavigationController.swift; sourceTree = "<group>"; };
		30776BD8265E941F008AABFC /* YDViewController.swift */ = {isa = PBXFileReference; lastKnownFileType = sourcecode.swift; path = YDViewController.swift; sourceTree = "<group>"; };
		30776BDD265E983B008AABFC /* YDHomeViewController.swift */ = {isa = PBXFileReference; lastKnownFileType = sourcecode.swift; path = YDHomeViewController.swift; sourceTree = "<group>"; };
		30776BE5265E9855008AABFC /* YDMineViewController.swift */ = {isa = PBXFileReference; lastKnownFileType = sourcecode.swift; path = YDMineViewController.swift; sourceTree = "<group>"; };
		30776BED265E987C008AABFC /* YDPropertyViewController.swift */ = {isa = PBXFileReference; lastKnownFileType = sourcecode.swift; path = YDPropertyViewController.swift; sourceTree = "<group>"; };
		307CBD2B266E6A2000E7CD46 /* YDLoginViewController.swift */ = {isa = PBXFileReference; lastKnownFileType = sourcecode.swift; path = YDLoginViewController.swift; sourceTree = "<group>"; };
		307CBD2C266E6A2000E7CD46 /* YDLoginViewController.xib */ = {isa = PBXFileReference; lastKnownFileType = file.xib; path = YDLoginViewController.xib; sourceTree = "<group>"; };
		307CBD3B266E796B00E7CD46 /* YDRetrievePwdViewController.swift */ = {isa = PBXFileReference; lastKnownFileType = sourcecode.swift; path = YDRetrievePwdViewController.swift; sourceTree = "<group>"; };
		307CBD3C266E796B00E7CD46 /* YDRetrievePwdViewController.xib */ = {isa = PBXFileReference; lastKnownFileType = file.xib; path = YDRetrievePwdViewController.xib; sourceTree = "<group>"; };
		307CBD42266E7F5B00E7CD46 /* YDRetrievePwdCheckingViewController.swift */ = {isa = PBXFileReference; lastKnownFileType = sourcecode.swift; path = YDRetrievePwdCheckingViewController.swift; sourceTree = "<group>"; };
		307CBD47266E85AE00E7CD46 /* YDBaseSheetViewController.swift */ = {isa = PBXFileReference; lastKnownFileType = sourcecode.swift; path = YDBaseSheetViewController.swift; sourceTree = "<group>"; };
		30CD77A825C1423900CEA0F6 /* YDConstant.swift */ = {isa = PBXFileReference; lastKnownFileType = sourcecode.swift; path = YDConstant.swift; sourceTree = "<group>"; };
		30CD77B725C1454400CEA0F6 /* CommandEntrance.swift */ = {isa = PBXFileReference; lastKnownFileType = sourcecode.swift; path = CommandEntrance.swift; sourceTree = "<group>"; };
		30CD77BC25C1457600CEA0F6 /* DPEntrance.swift */ = {isa = PBXFileReference; lastKnownFileType = sourcecode.swift; path = DPEntrance.swift; sourceTree = "<group>"; };
		30CD77C425C14B0700CEA0F6 /* CMDGroup.swift */ = {isa = PBXFileReference; lastKnownFileType = sourcecode.swift; path = CMDGroup.swift; sourceTree = "<group>"; };
		30CD77C925C14B9800CEA0F6 /* CMDRequirementGroup.swift */ = {isa = PBXFileReference; lastKnownFileType = sourcecode.swift; path = CMDRequirementGroup.swift; sourceTree = "<group>"; };
		30CD77CE25C14C3800CEA0F6 /* CMDPageGroup.swift */ = {isa = PBXFileReference; lastKnownFileType = sourcecode.swift; path = CMDPageGroup.swift; sourceTree = "<group>"; };
		30CD77D325C14CCD00CEA0F6 /* CMDCodeGroup.swift */ = {isa = PBXFileReference; lastKnownFileType = sourcecode.swift; path = CMDCodeGroup.swift; sourceTree = "<group>"; };
		30CD77D825C14F8B00CEA0F6 /* CMDInvoker.swift */ = {isa = PBXFileReference; lastKnownFileType = sourcecode.swift; path = CMDInvoker.swift; sourceTree = "<group>"; };
		30CD77E025C1524D00CEA0F6 /* CMDCommand.swift */ = {isa = PBXFileReference; lastKnownFileType = sourcecode.swift; path = CMDCommand.swift; sourceTree = "<group>"; };
		30CD77FB25C1596D00CEA0F6 /* CMDAddRequirementCommand.swift */ = {isa = PBXFileReference; lastKnownFileType = sourcecode.swift; path = CMDAddRequirementCommand.swift; sourceTree = "<group>"; };
		30CD780025C15A0E00CEA0F6 /* CMDDeletePageCommand.swift */ = {isa = PBXFileReference; lastKnownFileType = sourcecode.swift; path = CMDDeletePageCommand.swift; sourceTree = "<group>"; };
		30CD780825C1678000CEA0F6 /* CMDChangeCodeCommand.swift */ = {isa = PBXFileReference; lastKnownFileType = sourcecode.swift; path = CMDChangeCodeCommand.swift; sourceTree = "<group>"; };
		30DA66FD25908092008BE5F3 /* iphoneCom.app */ = {isa = PBXFileReference; explicitFileType = wrapper.application; includeInIndex = 0; path = iphoneCom.app; sourceTree = BUILT_PRODUCTS_DIR; };
		30DA670025908092008BE5F3 /* AppDelegate.h */ = {isa = PBXFileReference; lastKnownFileType = sourcecode.c.h; path = AppDelegate.h; sourceTree = "<group>"; };
		30DA670125908092008BE5F3 /* AppDelegate.m */ = {isa = PBXFileReference; lastKnownFileType = sourcecode.c.objc; path = AppDelegate.m; sourceTree = "<group>"; };
		30DA670C25908094008BE5F3 /* Assets.xcassets */ = {isa = PBXFileReference; lastKnownFileType = folder.assetcatalog; path = Assets.xcassets; sourceTree = "<group>"; };
		30DA670F25908094008BE5F3 /* Base */ = {isa = PBXFileReference; lastKnownFileType = file.storyboard; name = Base; path = Base.lproj/LaunchScreen.storyboard; sourceTree = "<group>"; };
		30DA671125908094008BE5F3 /* Info.plist */ = {isa = PBXFileReference; lastKnownFileType = text.plist.xml; path = Info.plist; sourceTree = "<group>"; };
		30DA671225908094008BE5F3 /* main.m */ = {isa = PBXFileReference; lastKnownFileType = sourcecode.c.objc; path = main.m; sourceTree = "<group>"; };
		30DA671825908094008BE5F3 /* iphoneComTests.xctest */ = {isa = PBXFileReference; explicitFileType = wrapper.cfbundle; includeInIndex = 0; path = iphoneComTests.xctest; sourceTree = BUILT_PRODUCTS_DIR; };
		30DA671C25908094008BE5F3 /* iphoneComTests.m */ = {isa = PBXFileReference; lastKnownFileType = sourcecode.c.objc; path = iphoneComTests.m; sourceTree = "<group>"; };
		30DA671E25908094008BE5F3 /* Info.plist */ = {isa = PBXFileReference; lastKnownFileType = text.plist.xml; path = Info.plist; sourceTree = "<group>"; };
		30DA672325908094008BE5F3 /* iphoneComUITests.xctest */ = {isa = PBXFileReference; explicitFileType = wrapper.cfbundle; includeInIndex = 0; path = iphoneComUITests.xctest; sourceTree = BUILT_PRODUCTS_DIR; };
		30DA672725908094008BE5F3 /* iphoneComUITests.m */ = {isa = PBXFileReference; lastKnownFileType = sourcecode.c.objc; path = iphoneComUITests.m; sourceTree = "<group>"; };
		30DA672925908094008BE5F3 /* Info.plist */ = {isa = PBXFileReference; lastKnownFileType = text.plist.xml; path = Info.plist; sourceTree = "<group>"; };
		30DA6741259080B2008BE5F3 /* iphoneCom-Bridging-Header.h */ = {isa = PBXFileReference; lastKnownFileType = sourcecode.c.h; path = "iphoneCom-Bridging-Header.h"; sourceTree = "<group>"; };
		30DA675925908194008BE5F3 /* TestResource_JSON.json */ = {isa = PBXFileReference; fileEncoding = 4; lastKnownFileType = text.json; path = TestResource_JSON.json; sourceTree = "<group>"; };
		30DA675D25908194008BE5F3 /* MLTestViewController.xib */ = {isa = PBXFileReference; fileEncoding = 4; lastKnownFileType = file.xib; path = MLTestViewController.xib; sourceTree = "<group>"; };
		30DA675E25908194008BE5F3 /* MLTestView.swift */ = {isa = PBXFileReference; fileEncoding = 4; lastKnownFileType = sourcecode.swift; path = MLTestView.swift; sourceTree = "<group>"; };
		30DA675F25908194008BE5F3 /* MLTestViewController.swift */ = {isa = PBXFileReference; fileEncoding = 4; lastKnownFileType = sourcecode.swift; path = MLTestViewController.swift; sourceTree = "<group>"; };
		30DA676125908194008BE5F3 /* YDMemoryMonitor.swift */ = {isa = PBXFileReference; fileEncoding = 4; lastKnownFileType = sourcecode.swift; path = YDMemoryMonitor.swift; sourceTree = "<group>"; };
		30DA676325908194008BE5F3 /* UIView+Extension.swift */ = {isa = PBXFileReference; fileEncoding = 4; lastKnownFileType = sourcecode.swift; path = "UIView+Extension.swift"; sourceTree = "<group>"; };
		30DA676425908194008BE5F3 /* UIImage+Extension.swift */ = {isa = PBXFileReference; fileEncoding = 4; lastKnownFileType = sourcecode.swift; path = "UIImage+Extension.swift"; sourceTree = "<group>"; };
		30DA676525908194008BE5F3 /* YDGlobal.swift */ = {isa = PBXFileReference; fileEncoding = 4; lastKnownFileType = sourcecode.swift; path = YDGlobal.swift; sourceTree = "<group>"; };
		AD4E955EBD1E88752908910F /* libPods-iphoneCom.a */ = {isa = PBXFileReference; explicitFileType = archive.ar; includeInIndex = 0; path = "libPods-iphoneCom.a"; sourceTree = BUILT_PRODUCTS_DIR; };
		B9023C3DE798CAF66B089250 /* Pods-iphoneCom.debug.xcconfig */ = {isa = PBXFileReference; includeInIndex = 1; lastKnownFileType = text.xcconfig; name = "Pods-iphoneCom.debug.xcconfig"; path = "Target Support Files/Pods-iphoneCom/Pods-iphoneCom.debug.xcconfig"; sourceTree = "<group>"; };
/* End PBXFileReference section */

/* Begin PBXFrameworksBuildPhase section */
		30DA66FA25908092008BE5F3 /* Frameworks */ = {
			isa = PBXFrameworksBuildPhase;
			buildActionMask = 2147483647;
			files = (
				6F2177959A114154027648A7 /* libPods-iphoneCom.a in Frameworks */,
			);
			runOnlyForDeploymentPostprocessing = 0;
		};
		30DA671525908094008BE5F3 /* Frameworks */ = {
			isa = PBXFrameworksBuildPhase;
			buildActionMask = 2147483647;
			files = (
			);
			runOnlyForDeploymentPostprocessing = 0;
		};
		30DA672025908094008BE5F3 /* Frameworks */ = {
			isa = PBXFrameworksBuildPhase;
			buildActionMask = 2147483647;
			files = (
			);
			runOnlyForDeploymentPostprocessing = 0;
		};
/* End PBXFrameworksBuildPhase section */

/* Begin PBXGroup section */
		06152485F25B59308E549A7D /* Frameworks */ = {
			isa = PBXGroup;
			children = (
				AD4E955EBD1E88752908910F /* libPods-iphoneCom.a */,
			);
			name = Frameworks;
			sourceTree = "<group>";
		};
		30124DB5266E086C0016C1FC /* Request */ = {
			isa = PBXGroup;
			children = (
				30124DBF266E0A5F0016C1FC /* YDRequestConstant.swift */,
				30124DD5266E1B1C0016C1FC /* YDRequestConfig.swift */,
				30124DB7266E08A50016C1FC /* YDRequest.swift */,
			);
			path = Request;
			sourceTree = "<group>";
		};
		30124DF5266E68050016C1FC /* Login */ = {
			isa = PBXGroup;
			children = (
				307CBD2B266E6A2000E7CD46 /* YDLoginViewController.swift */,
				307CBD2C266E6A2000E7CD46 /* YDLoginViewController.xib */,
				307CBD3B266E796B00E7CD46 /* YDRetrievePwdViewController.swift */,
				307CBD3C266E796B00E7CD46 /* YDRetrievePwdViewController.xib */,
				307CBD42266E7F5B00E7CD46 /* YDRetrievePwdCheckingViewController.swift */,
			);
			path = Login;
			sourceTree = "<group>";
		};
		306A3EE72665D9D60057CF7B /* 责任链 */ = {
			isa = PBXGroup;
			children = (
			);
			path = "责任链";
			sourceTree = "<group>";
		};
		306A3EEB2665DE210057CF7B /* 状态 */ = {
			isa = PBXGroup;
			children = (
				306A3EEC2665DE3B0057CF7B /* StatusEntrance.swift */,
				306A3EF4266619E00057CF7B /* Lift.swift */,
				306A3F0326663C3D0057CF7B /* LiftStatusContext.swift */,
				306A3EF92666391E0057CF7B /* LiftStatus.swift */,
				306A3EFE26663A010057CF7B /* LiftOpeningStatus.swift */,
				306A3F0E26663D080057CF7B /* LiftClosingStatus.swift */,
				306A3F1326663D150057CF7B /* LiftRunningStatus.swift */,
				306A3F1E26663D3F0057CF7B /* LiftStoppingStatus.swift */,
			);
			path = "状态";
			sourceTree = "<group>";
		};
		30776BA2265E8686008AABFC /* Learn */ = {
			isa = PBXGroup;
			children = (
				30DA679825908EE0008BE5F3 /* DesignPatterns */,
				30DA675825908194008BE5F3 /* TestResource */,
			);
			path = Learn;
			sourceTree = "<group>";
		};
		30776BCF265E9326008AABFC /* Property */ = {
			isa = PBXGroup;
			children = (
				30776BED265E987C008AABFC /* YDPropertyViewController.swift */,
			);
			path = Property;
			sourceTree = "<group>";
		};
		30776BD0265E9332008AABFC /* Mine */ = {
			isa = PBXGroup;
			children = (
				30776BE5265E9855008AABFC /* YDMineViewController.swift */,
			);
			path = Mine;
			sourceTree = "<group>";
		};
		30776BD1265E933C008AABFC /* Home */ = {
			isa = PBXGroup;
			children = (
				30776BDD265E983B008AABFC /* YDHomeViewController.swift */,
			);
			path = Home;
			sourceTree = "<group>";
		};
		30776BD2265E9356008AABFC /* UserSession */ = {
			isa = PBXGroup;
			children = (
				30776BC2265E8FE2008AABFC /* YDUserSession.swift */,
				3041D6AE265EA85F00D03ECD /* YDUserInfo.swift */,
			);
			path = UserSession;
			sourceTree = "<group>";
		};
		30776BF5265E9892008AABFC /* BaseClass */ = {
			isa = PBXGroup;
			children = (
				30776BC7265E92A9008AABFC /* YDNavigationController.swift */,
				30776BD8265E941F008AABFC /* YDViewController.swift */,
				30776BBD265E8F40008AABFC /* YDTabBarController.swift */,
				307CBD47266E85AE00E7CD46 /* YDBaseSheetViewController.swift */,
			);
			path = BaseClass;
			sourceTree = "<group>";
		};
		30CD77B325C144A200CEA0F6 /* 命令 */ = {
			isa = PBXGroup;
			children = (
				30CD77E525C1565600CEA0F6 /* Commands */,
				30CD77B725C1454400CEA0F6 /* CommandEntrance.swift */,
				30CD77D825C14F8B00CEA0F6 /* CMDInvoker.swift */,
				30CD77C425C14B0700CEA0F6 /* CMDGroup.swift */,
				30CD77C925C14B9800CEA0F6 /* CMDRequirementGroup.swift */,
				30CD77CE25C14C3800CEA0F6 /* CMDPageGroup.swift */,
				30CD77D325C14CCD00CEA0F6 /* CMDCodeGroup.swift */,
			);
			path = "命令";
			sourceTree = "<group>";
		};
		30CD77E525C1565600CEA0F6 /* Commands */ = {
			isa = PBXGroup;
			children = (
				30CD77E025C1524D00CEA0F6 /* CMDCommand.swift */,
				30CD77FB25C1596D00CEA0F6 /* CMDAddRequirementCommand.swift */,
				30CD780025C15A0E00CEA0F6 /* CMDDeletePageCommand.swift */,
				30CD780825C1678000CEA0F6 /* CMDChangeCodeCommand.swift */,
			);
			path = Commands;
			sourceTree = "<group>";
		};
		30DA66F425908092008BE5F3 = {
			isa = PBXGroup;
			children = (
				30DA66FF25908092008BE5F3 /* iphoneCom */,
				30DA671B25908094008BE5F3 /* iphoneComTests */,
				30DA672625908094008BE5F3 /* iphoneComUITests */,
				30DA66FE25908092008BE5F3 /* Products */,
				DDD32383D545707924576A85 /* Pods */,
				06152485F25B59308E549A7D /* Frameworks */,
			);
			sourceTree = "<group>";
		};
		30DA66FE25908092008BE5F3 /* Products */ = {
			isa = PBXGroup;
			children = (
				30DA66FD25908092008BE5F3 /* iphoneCom.app */,
				30DA671825908094008BE5F3 /* iphoneComTests.xctest */,
				30DA672325908094008BE5F3 /* iphoneComUITests.xctest */,
			);
			name = Products;
			sourceTree = "<group>";
		};
		30DA66FF25908092008BE5F3 /* iphoneCom */ = {
			isa = PBXGroup;
			children = (
				30776BA2265E8686008AABFC /* Learn */,
				30DA675A25908194008BE5F3 /* YD */,
				30DA6747259080DC008BE5F3 /* Module */,
				30DA670025908092008BE5F3 /* AppDelegate.h */,
				30DA670125908092008BE5F3 /* AppDelegate.m */,
				30DA670C25908094008BE5F3 /* Assets.xcassets */,
				30DA670E25908094008BE5F3 /* LaunchScreen.storyboard */,
				30DA671125908094008BE5F3 /* Info.plist */,
				30DA671225908094008BE5F3 /* main.m */,
				30DA6741259080B2008BE5F3 /* iphoneCom-Bridging-Header.h */,
			);
			path = iphoneCom;
			sourceTree = "<group>";
		};
		30DA671B25908094008BE5F3 /* iphoneComTests */ = {
			isa = PBXGroup;
			children = (
				30DA671C25908094008BE5F3 /* iphoneComTests.m */,
				30DA671E25908094008BE5F3 /* Info.plist */,
			);
			path = iphoneComTests;
			sourceTree = "<group>";
		};
		30DA672625908094008BE5F3 /* iphoneComUITests */ = {
			isa = PBXGroup;
			children = (
				30DA672725908094008BE5F3 /* iphoneComUITests.m */,
				30DA672925908094008BE5F3 /* Info.plist */,
			);
			path = iphoneComUITests;
			sourceTree = "<group>";
		};
		30DA6747259080DC008BE5F3 /* Module */ = {
			isa = PBXGroup;
			children = (
				30776BF5265E9892008AABFC /* BaseClass */,
				30124DF5266E68050016C1FC /* Login */,
				30776BD2265E9356008AABFC /* UserSession */,
				30776BD1265E933C008AABFC /* Home */,
				30776BD0265E9332008AABFC /* Mine */,
				30776BCF265E9326008AABFC /* Property */,
			);
			path = Module;
			sourceTree = "<group>";
		};
		30DA675825908194008BE5F3 /* TestResource */ = {
			isa = PBXGroup;
			children = (
				30DA675925908194008BE5F3 /* TestResource_JSON.json */,
			);
			path = TestResource;
			sourceTree = "<group>";
		};
		30DA675A25908194008BE5F3 /* YD */ = {
			isa = PBXGroup;
			children = (
				30DA675B25908194008BE5F3 /* Monitor */,
				30DA676525908194008BE5F3 /* YDGlobal.swift */,
				30CD77A825C1423900CEA0F6 /* YDConstant.swift */,
				30124DB5266E086C0016C1FC /* Request */,
				30DA676225908194008BE5F3 /* Extensions */,
				30DA676625908194008BE5F3 /* Tool */,
			);
			path = YD;
			sourceTree = "<group>";
		};
		30DA675B25908194008BE5F3 /* Monitor */ = {
			isa = PBXGroup;
			children = (
				30DA675C25908194008BE5F3 /* Test */,
				30DA676025908194008BE5F3 /* MemoryMonitor */,
			);
			path = Monitor;
			sourceTree = "<group>";
		};
		30DA675C25908194008BE5F3 /* Test */ = {
			isa = PBXGroup;
			children = (
				30DA675D25908194008BE5F3 /* MLTestViewController.xib */,
				30DA675E25908194008BE5F3 /* MLTestView.swift */,
				30DA675F25908194008BE5F3 /* MLTestViewController.swift */,
			);
			path = Test;
			sourceTree = "<group>";
		};
		30DA676025908194008BE5F3 /* MemoryMonitor */ = {
			isa = PBXGroup;
			children = (
				30DA676125908194008BE5F3 /* YDMemoryMonitor.swift */,
			);
			path = MemoryMonitor;
			sourceTree = "<group>";
		};
		30DA676225908194008BE5F3 /* Extensions */ = {
			isa = PBXGroup;
			children = (
				30DA676325908194008BE5F3 /* UIView+Extension.swift */,
				30DA676425908194008BE5F3 /* UIImage+Extension.swift */,
			);
			path = Extensions;
			sourceTree = "<group>";
		};
		30DA676625908194008BE5F3 /* Tool */ = {
			isa = PBXGroup;
			children = (
			);
			path = Tool;
			sourceTree = "<group>";
		};
		30DA679825908EE0008BE5F3 /* DesignPatterns */ = {
			isa = PBXGroup;
			children = (
				306A3EEB2665DE210057CF7B /* 状态 */,
				306A3EE72665D9D60057CF7B /* 责任链 */,
				30CD77B325C144A200CEA0F6 /* 命令 */,
				30CD77BC25C1457600CEA0F6 /* DPEntrance.swift */,
			);
			path = DesignPatterns;
			sourceTree = "<group>";
		};
		DDD32383D545707924576A85 /* Pods */ = {
			isa = PBXGroup;
			children = (
				B9023C3DE798CAF66B089250 /* Pods-iphoneCom.debug.xcconfig */,
				2215AD3C5554281AFA44C555 /* Pods-iphoneCom.release.xcconfig */,
			);
			path = Pods;
			sourceTree = "<group>";
		};
/* End PBXGroup section */

/* Begin PBXNativeTarget section */
		30DA66FC25908092008BE5F3 /* iphoneCom */ = {
			isa = PBXNativeTarget;
			buildConfigurationList = 30DA672C25908094008BE5F3 /* Build configuration list for PBXNativeTarget "iphoneCom" */;
			buildPhases = (
				11ECCA880CCBB62A221CE0C1 /* [CP] Check Pods Manifest.lock */,
				30DA66F925908092008BE5F3 /* Sources */,
				30DA66FA25908092008BE5F3 /* Frameworks */,
				30DA66FB25908092008BE5F3 /* Resources */,
			);
			buildRules = (
			);
			dependencies = (
			);
			name = iphoneCom;
			productName = iphoneCom;
			productReference = 30DA66FD25908092008BE5F3 /* iphoneCom.app */;
			productType = "com.apple.product-type.application";
		};
		30DA671725908094008BE5F3 /* iphoneComTests */ = {
			isa = PBXNativeTarget;
			buildConfigurationList = 30DA672F25908094008BE5F3 /* Build configuration list for PBXNativeTarget "iphoneComTests" */;
			buildPhases = (
				30DA671425908094008BE5F3 /* Sources */,
				30DA671525908094008BE5F3 /* Frameworks */,
				30DA671625908094008BE5F3 /* Resources */,
			);
			buildRules = (
			);
			dependencies = (
				30DA671A25908094008BE5F3 /* PBXTargetDependency */,
			);
			name = iphoneComTests;
			productName = iphoneComTests;
			productReference = 30DA671825908094008BE5F3 /* iphoneComTests.xctest */;
			productType = "com.apple.product-type.bundle.unit-test";
		};
		30DA672225908094008BE5F3 /* iphoneComUITests */ = {
			isa = PBXNativeTarget;
			buildConfigurationList = 30DA673225908094008BE5F3 /* Build configuration list for PBXNativeTarget "iphoneComUITests" */;
			buildPhases = (
				30DA671F25908094008BE5F3 /* Sources */,
				30DA672025908094008BE5F3 /* Frameworks */,
				30DA672125908094008BE5F3 /* Resources */,
			);
			buildRules = (
			);
			dependencies = (
				30DA672525908094008BE5F3 /* PBXTargetDependency */,
			);
			name = iphoneComUITests;
			productName = iphoneComUITests;
			productReference = 30DA672325908094008BE5F3 /* iphoneComUITests.xctest */;
			productType = "com.apple.product-type.bundle.ui-testing";
		};
/* End PBXNativeTarget section */

/* Begin PBXProject section */
		30DA66F525908092008BE5F3 /* Project object */ = {
			isa = PBXProject;
			attributes = {
				LastUpgradeCheck = 1220;
				TargetAttributes = {
					30DA66FC25908092008BE5F3 = {
						CreatedOnToolsVersion = 12.2;
						LastSwiftMigration = 1220;
					};
					30DA671725908094008BE5F3 = {
						CreatedOnToolsVersion = 12.2;
						TestTargetID = 30DA66FC25908092008BE5F3;
					};
					30DA672225908094008BE5F3 = {
						CreatedOnToolsVersion = 12.2;
						TestTargetID = 30DA66FC25908092008BE5F3;
					};
				};
			};
			buildConfigurationList = 30DA66F825908092008BE5F3 /* Build configuration list for PBXProject "iphoneCom" */;
			compatibilityVersion = "Xcode 9.3";
			developmentRegion = en;
			hasScannedForEncodings = 0;
			knownRegions = (
				en,
				Base,
			);
			mainGroup = 30DA66F425908092008BE5F3;
			productRefGroup = 30DA66FE25908092008BE5F3 /* Products */;
			projectDirPath = "";
			projectRoot = "";
			targets = (
				30DA66FC25908092008BE5F3 /* iphoneCom */,
				30DA671725908094008BE5F3 /* iphoneComTests */,
				30DA672225908094008BE5F3 /* iphoneComUITests */,
			);
		};
/* End PBXProject section */

/* Begin PBXResourcesBuildPhase section */
		30DA66FB25908092008BE5F3 /* Resources */ = {
			isa = PBXResourcesBuildPhase;
			buildActionMask = 2147483647;
			files = (
				30DA671025908094008BE5F3 /* LaunchScreen.storyboard in Resources */,
				307CBD2E266E6A2000E7CD46 /* YDLoginViewController.xib in Resources */,
				30DA676825908194008BE5F3 /* MLTestViewController.xib in Resources */,
				307CBD3E266E796B00E7CD46 /* YDRetrievePwdViewController.xib in Resources */,
				30DA676725908194008BE5F3 /* TestResource_JSON.json in Resources */,
				30DA670D25908094008BE5F3 /* Assets.xcassets in Resources */,
			);
			runOnlyForDeploymentPostprocessing = 0;
		};
		30DA671625908094008BE5F3 /* Resources */ = {
			isa = PBXResourcesBuildPhase;
			buildActionMask = 2147483647;
			files = (
			);
			runOnlyForDeploymentPostprocessing = 0;
		};
		30DA672125908094008BE5F3 /* Resources */ = {
			isa = PBXResourcesBuildPhase;
			buildActionMask = 2147483647;
			files = (
			);
			runOnlyForDeploymentPostprocessing = 0;
		};
/* End PBXResourcesBuildPhase section */

/* Begin PBXShellScriptBuildPhase section */
		11ECCA880CCBB62A221CE0C1 /* [CP] Check Pods Manifest.lock */ = {
			isa = PBXShellScriptBuildPhase;
			buildActionMask = 2147483647;
			files = (
			);
			inputFileListPaths = (
			);
			inputPaths = (
				"${PODS_PODFILE_DIR_PATH}/Podfile.lock",
				"${PODS_ROOT}/Manifest.lock",
			);
			name = "[CP] Check Pods Manifest.lock";
			outputFileListPaths = (
			);
			outputPaths = (
				"$(DERIVED_FILE_DIR)/Pods-iphoneCom-checkManifestLockResult.txt",
			);
			runOnlyForDeploymentPostprocessing = 0;
			shellPath = /bin/sh;
			shellScript = "diff \"${PODS_PODFILE_DIR_PATH}/Podfile.lock\" \"${PODS_ROOT}/Manifest.lock\" > /dev/null\nif [ $? != 0 ] ; then\n    # print error to STDERR\n    echo \"error: The sandbox is not in sync with the Podfile.lock. Run 'pod install' or update your CocoaPods installation.\" >&2\n    exit 1\nfi\n# This output is used by Xcode 'outputs' to avoid re-running this script phase.\necho \"SUCCESS\" > \"${SCRIPT_OUTPUT_FILE_0}\"\n";
			showEnvVarsInLog = 0;
		};
/* End PBXShellScriptBuildPhase section */

/* Begin PBXSourcesBuildPhase section */
		30DA66F925908092008BE5F3 /* Sources */ = {
			isa = PBXSourcesBuildPhase;
			buildActionMask = 2147483647;
			files = (
				306A3EED2665DE3B0057CF7B /* StatusEntrance.swift in Sources */,
				307CBD48266E85AE00E7CD46 /* YDBaseSheetViewController.swift in Sources */,
				306A3EFF26663A010057CF7B /* LiftOpeningStatus.swift in Sources */,
				30CD77E125C1524D00CEA0F6 /* CMDCommand.swift in Sources */,
				30DA676B25908194008BE5F3 /* YDMemoryMonitor.swift in Sources */,
				30CD77BD25C1457600CEA0F6 /* DPEntrance.swift in Sources */,
				30124DB8266E08A50016C1FC /* YDRequest.swift in Sources */,
				307CBD2D266E6A2000E7CD46 /* YDLoginViewController.swift in Sources */,
				30CD77A925C1423900CEA0F6 /* YDConstant.swift in Sources */,
				30DA676C25908194008BE5F3 /* UIView+Extension.swift in Sources */,
				30CD77CF25C14C3800CEA0F6 /* CMDPageGroup.swift in Sources */,
				307CBD3D266E796B00E7CD46 /* YDRetrievePwdViewController.swift in Sources */,
				306A3F1426663D150057CF7B /* LiftRunningStatus.swift in Sources */,
				30776BEE265E987C008AABFC /* YDPropertyViewController.swift in Sources */,
				30CD77CA25C14B9800CEA0F6 /* CMDRequirementGroup.swift in Sources */,
				30776BC8265E92A9008AABFC /* YDNavigationController.swift in Sources */,
				30DA670225908092008BE5F3 /* AppDelegate.m in Sources */,
				30CD780925C1678000CEA0F6 /* CMDChangeCodeCommand.swift in Sources */,
				30DA676D25908194008BE5F3 /* UIImage+Extension.swift in Sources */,
				30DA671325908094008BE5F3 /* main.m in Sources */,
				30DA676A25908194008BE5F3 /* MLTestViewController.swift in Sources */,
				30124DC0266E0A5F0016C1FC /* YDRequestConstant.swift in Sources */,
				306A3F1F26663D3F0057CF7B /* LiftStoppingStatus.swift in Sources */,
				30CD77B825C1454400CEA0F6 /* CommandEntrance.swift in Sources */,
				30CD77D425C14CCD00CEA0F6 /* CMDCodeGroup.swift in Sources */,
				30776BC3265E8FE2008AABFC /* YDUserSession.swift in Sources */,
				30CD780125C15A0E00CEA0F6 /* CMDDeletePageCommand.swift in Sources */,
				30DA676E25908194008BE5F3 /* YDGlobal.swift in Sources */,
				30CD77C525C14B0700CEA0F6 /* CMDGroup.swift in Sources */,
				307CBD43266E7F5B00E7CD46 /* YDRetrievePwdCheckingViewController.swift in Sources */,
				30776BD9265E941F008AABFC /* YDViewController.swift in Sources */,
				30DA676925908194008BE5F3 /* MLTestView.swift in Sources */,
				306A3EFA2666391E0057CF7B /* LiftStatus.swift in Sources */,
				306A3F0F26663D080057CF7B /* LiftClosingStatus.swift in Sources */,
				30776BDE265E983B008AABFC /* YDHomeViewController.swift in Sources */,
				306A3EF5266619E00057CF7B /* Lift.swift in Sources */,
				30124DD6266E1B1C0016C1FC /* YDRequestConfig.swift in Sources */,
				3041D6AF265EA85F00D03ECD /* YDUserInfo.swift in Sources */,
				30776BBE265E8F40008AABFC /* YDTabBarController.swift in Sources */,
				30CD77FC25C1596D00CEA0F6 /* CMDAddRequirementCommand.swift in Sources */,
				306A3F0426663C3D0057CF7B /* LiftStatusContext.swift in Sources */,
				30CD77D925C14F8B00CEA0F6 /* CMDInvoker.swift in Sources */,
				30776BE6265E9855008AABFC /* YDMineViewController.swift in Sources */,
			);
			runOnlyForDeploymentPostprocessing = 0;
		};
		30DA671425908094008BE5F3 /* Sources */ = {
			isa = PBXSourcesBuildPhase;
			buildActionMask = 2147483647;
			files = (
				30DA671D25908094008BE5F3 /* iphoneComTests.m in Sources */,
			);
			runOnlyForDeploymentPostprocessing = 0;
		};
		30DA671F25908094008BE5F3 /* Sources */ = {
			isa = PBXSourcesBuildPhase;
			buildActionMask = 2147483647;
			files = (
				30DA672825908094008BE5F3 /* iphoneComUITests.m in Sources */,
			);
			runOnlyForDeploymentPostprocessing = 0;
		};
/* End PBXSourcesBuildPhase section */

/* Begin PBXTargetDependency section */
		30DA671A25908094008BE5F3 /* PBXTargetDependency */ = {
			isa = PBXTargetDependency;
			target = 30DA66FC25908092008BE5F3 /* iphoneCom */;
			targetProxy = 30DA671925908094008BE5F3 /* PBXContainerItemProxy */;
		};
		30DA672525908094008BE5F3 /* PBXTargetDependency */ = {
			isa = PBXTargetDependency;
			target = 30DA66FC25908092008BE5F3 /* iphoneCom */;
			targetProxy = 30DA672425908094008BE5F3 /* PBXContainerItemProxy */;
		};
/* End PBXTargetDependency section */

/* Begin PBXVariantGroup section */
		30DA670E25908094008BE5F3 /* LaunchScreen.storyboard */ = {
			isa = PBXVariantGroup;
			children = (
				30DA670F25908094008BE5F3 /* Base */,
			);
			name = LaunchScreen.storyboard;
			sourceTree = "<group>";
		};
/* End PBXVariantGroup section */

/* Begin XCBuildConfiguration section */
		30DA672A25908094008BE5F3 /* Debug */ = {
			isa = XCBuildConfiguration;
			buildSettings = {
				ALWAYS_SEARCH_USER_PATHS = NO;
				CLANG_ANALYZER_NONNULL = YES;
				CLANG_ANALYZER_NUMBER_OBJECT_CONVERSION = YES_AGGRESSIVE;
				CLANG_CXX_LANGUAGE_STANDARD = "gnu++14";
				CLANG_CXX_LIBRARY = "libc++";
				CLANG_ENABLE_MODULES = YES;
				CLANG_ENABLE_OBJC_ARC = YES;
				CLANG_ENABLE_OBJC_WEAK = YES;
				CLANG_WARN_BLOCK_CAPTURE_AUTORELEASING = YES;
				CLANG_WARN_BOOL_CONVERSION = YES;
				CLANG_WARN_COMMA = YES;
				CLANG_WARN_CONSTANT_CONVERSION = YES;
				CLANG_WARN_DEPRECATED_OBJC_IMPLEMENTATIONS = YES;
				CLANG_WARN_DIRECT_OBJC_ISA_USAGE = YES_ERROR;
				CLANG_WARN_DOCUMENTATION_COMMENTS = YES;
				CLANG_WARN_EMPTY_BODY = YES;
				CLANG_WARN_ENUM_CONVERSION = YES;
				CLANG_WARN_INFINITE_RECURSION = YES;
				CLANG_WARN_INT_CONVERSION = YES;
				CLANG_WARN_NON_LITERAL_NULL_CONVERSION = YES;
				CLANG_WARN_OBJC_IMPLICIT_RETAIN_SELF = YES;
				CLANG_WARN_OBJC_LITERAL_CONVERSION = YES;
				CLANG_WARN_OBJC_ROOT_CLASS = YES_ERROR;
				CLANG_WARN_QUOTED_INCLUDE_IN_FRAMEWORK_HEADER = YES;
				CLANG_WARN_RANGE_LOOP_ANALYSIS = YES;
				CLANG_WARN_STRICT_PROTOTYPES = YES;
				CLANG_WARN_SUSPICIOUS_MOVE = YES;
				CLANG_WARN_UNGUARDED_AVAILABILITY = YES_AGGRESSIVE;
				CLANG_WARN_UNREACHABLE_CODE = YES;
				CLANG_WARN__DUPLICATE_METHOD_MATCH = YES;
				COPY_PHASE_STRIP = NO;
				DEBUG_INFORMATION_FORMAT = dwarf;
				ENABLE_STRICT_OBJC_MSGSEND = YES;
				ENABLE_TESTABILITY = YES;
				GCC_C_LANGUAGE_STANDARD = gnu11;
				GCC_DYNAMIC_NO_PIC = NO;
				GCC_NO_COMMON_BLOCKS = YES;
				GCC_OPTIMIZATION_LEVEL = 0;
				GCC_PREPROCESSOR_DEFINITIONS = (
					"DEBUG=1",
					"$(inherited)",
				);
				GCC_WARN_64_TO_32_BIT_CONVERSION = YES;
				GCC_WARN_ABOUT_RETURN_TYPE = YES_ERROR;
				GCC_WARN_UNDECLARED_SELECTOR = YES;
				GCC_WARN_UNINITIALIZED_AUTOS = YES_AGGRESSIVE;
				GCC_WARN_UNUSED_FUNCTION = YES;
				GCC_WARN_UNUSED_VARIABLE = YES;
				IPHONEOS_DEPLOYMENT_TARGET = 12.0;
				MTL_ENABLE_DEBUG_INFO = INCLUDE_SOURCE;
				MTL_FAST_MATH = YES;
				ONLY_ACTIVE_ARCH = YES;
				SDKROOT = iphoneos;
			};
			name = Debug;
		};
		30DA672B25908094008BE5F3 /* Release */ = {
			isa = XCBuildConfiguration;
			buildSettings = {
				ALWAYS_SEARCH_USER_PATHS = NO;
				CLANG_ANALYZER_NONNULL = YES;
				CLANG_ANALYZER_NUMBER_OBJECT_CONVERSION = YES_AGGRESSIVE;
				CLANG_CXX_LANGUAGE_STANDARD = "gnu++14";
				CLANG_CXX_LIBRARY = "libc++";
				CLANG_ENABLE_MODULES = YES;
				CLANG_ENABLE_OBJC_ARC = YES;
				CLANG_ENABLE_OBJC_WEAK = YES;
				CLANG_WARN_BLOCK_CAPTURE_AUTORELEASING = YES;
				CLANG_WARN_BOOL_CONVERSION = YES;
				CLANG_WARN_COMMA = YES;
				CLANG_WARN_CONSTANT_CONVERSION = YES;
				CLANG_WARN_DEPRECATED_OBJC_IMPLEMENTATIONS = YES;
				CLANG_WARN_DIRECT_OBJC_ISA_USAGE = YES_ERROR;
				CLANG_WARN_DOCUMENTATION_COMMENTS = YES;
				CLANG_WARN_EMPTY_BODY = YES;
				CLANG_WARN_ENUM_CONVERSION = YES;
				CLANG_WARN_INFINITE_RECURSION = YES;
				CLANG_WARN_INT_CONVERSION = YES;
				CLANG_WARN_NON_LITERAL_NULL_CONVERSION = YES;
				CLANG_WARN_OBJC_IMPLICIT_RETAIN_SELF = YES;
				CLANG_WARN_OBJC_LITERAL_CONVERSION = YES;
				CLANG_WARN_OBJC_ROOT_CLASS = YES_ERROR;
				CLANG_WARN_QUOTED_INCLUDE_IN_FRAMEWORK_HEADER = YES;
				CLANG_WARN_RANGE_LOOP_ANALYSIS = YES;
				CLANG_WARN_STRICT_PROTOTYPES = YES;
				CLANG_WARN_SUSPICIOUS_MOVE = YES;
				CLANG_WARN_UNGUARDED_AVAILABILITY = YES_AGGRESSIVE;
				CLANG_WARN_UNREACHABLE_CODE = YES;
				CLANG_WARN__DUPLICATE_METHOD_MATCH = YES;
				COPY_PHASE_STRIP = NO;
				DEBUG_INFORMATION_FORMAT = "dwarf-with-dsym";
				ENABLE_NS_ASSERTIONS = NO;
				ENABLE_STRICT_OBJC_MSGSEND = YES;
				GCC_C_LANGUAGE_STANDARD = gnu11;
				GCC_NO_COMMON_BLOCKS = YES;
				GCC_WARN_64_TO_32_BIT_CONVERSION = YES;
				GCC_WARN_ABOUT_RETURN_TYPE = YES_ERROR;
				GCC_WARN_UNDECLARED_SELECTOR = YES;
				GCC_WARN_UNINITIALIZED_AUTOS = YES_AGGRESSIVE;
				GCC_WARN_UNUSED_FUNCTION = YES;
				GCC_WARN_UNUSED_VARIABLE = YES;
				IPHONEOS_DEPLOYMENT_TARGET = 12.0;
				MTL_ENABLE_DEBUG_INFO = NO;
				MTL_FAST_MATH = YES;
				SDKROOT = iphoneos;
				VALIDATE_PRODUCT = YES;
			};
			name = Release;
		};
		30DA672D25908094008BE5F3 /* Debug */ = {
			isa = XCBuildConfiguration;
			baseConfigurationReference = B9023C3DE798CAF66B089250 /* Pods-iphoneCom.debug.xcconfig */;
			buildSettings = {
				ASSETCATALOG_COMPILER_APPICON_NAME = AppIcon;
				ASSETCATALOG_COMPILER_GLOBAL_ACCENT_COLOR_NAME = AccentColor;
				CLANG_ENABLE_MODULES = YES;
				CODE_SIGN_STYLE = Automatic;
				DEVELOPMENT_TEAM = ZSW5D827N7;
				INFOPLIST_FILE = iphoneCom/Info.plist;
				IPHONEOS_DEPLOYMENT_TARGET = 10.0;
				LD_RUNPATH_SEARCH_PATHS = (
					"$(inherited)",
					"@executable_path/Frameworks",
				);
				PRODUCT_BUNDLE_IDENTIFIER = gaoyuan.iphoneCom;
				PRODUCT_NAME = "$(TARGET_NAME)";
				SWIFT_OBJC_BRIDGING_HEADER = "iphoneCom/iphoneCom-Bridging-Header.h";
				SWIFT_OPTIMIZATION_LEVEL = "-Onone";
				SWIFT_VERSION = 5.0;
				TARGETED_DEVICE_FAMILY = 1;
			};
			name = Debug;
		};
		30DA672E25908094008BE5F3 /* Release */ = {
			isa = XCBuildConfiguration;
			baseConfigurationReference = 2215AD3C5554281AFA44C555 /* Pods-iphoneCom.release.xcconfig */;
			buildSettings = {
				ASSETCATALOG_COMPILER_APPICON_NAME = AppIcon;
				ASSETCATALOG_COMPILER_GLOBAL_ACCENT_COLOR_NAME = AccentColor;
				CLANG_ENABLE_MODULES = YES;
				CODE_SIGN_STYLE = Automatic;
				DEVELOPMENT_TEAM = ZSW5D827N7;
				INFOPLIST_FILE = iphoneCom/Info.plist;
				IPHONEOS_DEPLOYMENT_TARGET = 10.0;
				LD_RUNPATH_SEARCH_PATHS = (
					"$(inherited)",
					"@executable_path/Frameworks",
				);
				PRODUCT_BUNDLE_IDENTIFIER = gaoyuan.iphoneCom;
				PRODUCT_NAME = "$(TARGET_NAME)";
				SWIFT_OBJC_BRIDGING_HEADER = "iphoneCom/iphoneCom-Bridging-Header.h";
				SWIFT_VERSION = 5.0;
				TARGETED_DEVICE_FAMILY = 1;
			};
			name = Release;
		};
		30DA673025908094008BE5F3 /* Debug */ = {
			isa = XCBuildConfiguration;
			buildSettings = {
				ALWAYS_EMBED_SWIFT_STANDARD_LIBRARIES = YES;
				BUNDLE_LOADER = "$(TEST_HOST)";
				CODE_SIGN_STYLE = Automatic;
				DEVELOPMENT_TEAM = ZSW5D827N7;
				INFOPLIST_FILE = iphoneComTests/Info.plist;
				IPHONEOS_DEPLOYMENT_TARGET = 14.2;
				LD_RUNPATH_SEARCH_PATHS = (
					"$(inherited)",
					"@executable_path/Frameworks",
					"@loader_path/Frameworks",
				);
				PRODUCT_BUNDLE_IDENTIFIER = gaoyuan.iphoneComTests;
				PRODUCT_NAME = "$(TARGET_NAME)";
				TARGETED_DEVICE_FAMILY = "1,2";
				TEST_HOST = "$(BUILT_PRODUCTS_DIR)/iphoneCom.app/iphoneCom";
			};
			name = Debug;
		};
		30DA673125908094008BE5F3 /* Release */ = {
			isa = XCBuildConfiguration;
			buildSettings = {
				ALWAYS_EMBED_SWIFT_STANDARD_LIBRARIES = YES;
				BUNDLE_LOADER = "$(TEST_HOST)";
				CODE_SIGN_STYLE = Automatic;
				DEVELOPMENT_TEAM = ZSW5D827N7;
				INFOPLIST_FILE = iphoneComTests/Info.plist;
				IPHONEOS_DEPLOYMENT_TARGET = 14.2;
				LD_RUNPATH_SEARCH_PATHS = (
					"$(inherited)",
					"@executable_path/Frameworks",
					"@loader_path/Frameworks",
				);
				PRODUCT_BUNDLE_IDENTIFIER = gaoyuan.iphoneComTests;
				PRODUCT_NAME = "$(TARGET_NAME)";
				TARGETED_DEVICE_FAMILY = "1,2";
				TEST_HOST = "$(BUILT_PRODUCTS_DIR)/iphoneCom.app/iphoneCom";
			};
			name = Release;
		};
		30DA673325908094008BE5F3 /* Debug */ = {
			isa = XCBuildConfiguration;
			buildSettings = {
				ALWAYS_EMBED_SWIFT_STANDARD_LIBRARIES = YES;
				CODE_SIGN_STYLE = Automatic;
				DEVELOPMENT_TEAM = ZSW5D827N7;
				INFOPLIST_FILE = iphoneComUITests/Info.plist;
				LD_RUNPATH_SEARCH_PATHS = (
					"$(inherited)",
					"@executable_path/Frameworks",
					"@loader_path/Frameworks",
				);
				PRODUCT_BUNDLE_IDENTIFIER = gaoyuan.iphoneComUITests;
				PRODUCT_NAME = "$(TARGET_NAME)";
				TARGETED_DEVICE_FAMILY = "1,2";
				TEST_TARGET_NAME = iphoneCom;
			};
			name = Debug;
		};
		30DA673425908094008BE5F3 /* Release */ = {
			isa = XCBuildConfiguration;
			buildSettings = {
				ALWAYS_EMBED_SWIFT_STANDARD_LIBRARIES = YES;
				CODE_SIGN_STYLE = Automatic;
				DEVELOPMENT_TEAM = ZSW5D827N7;
				INFOPLIST_FILE = iphoneComUITests/Info.plist;
				LD_RUNPATH_SEARCH_PATHS = (
					"$(inherited)",
					"@executable_path/Frameworks",
					"@loader_path/Frameworks",
				);
				PRODUCT_BUNDLE_IDENTIFIER = gaoyuan.iphoneComUITests;
				PRODUCT_NAME = "$(TARGET_NAME)";
				TARGETED_DEVICE_FAMILY = "1,2";
				TEST_TARGET_NAME = iphoneCom;
			};
			name = Release;
		};
/* End XCBuildConfiguration section */

/* Begin XCConfigurationList section */
		30DA66F825908092008BE5F3 /* Build configuration list for PBXProject "iphoneCom" */ = {
			isa = XCConfigurationList;
			buildConfigurations = (
				30DA672A25908094008BE5F3 /* Debug */,
				30DA672B25908094008BE5F3 /* Release */,
			);
			defaultConfigurationIsVisible = 0;
			defaultConfigurationName = Release;
		};
		30DA672C25908094008BE5F3 /* Build configuration list for PBXNativeTarget "iphoneCom" */ = {
			isa = XCConfigurationList;
			buildConfigurations = (
				30DA672D25908094008BE5F3 /* Debug */,
				30DA672E25908094008BE5F3 /* Release */,
			);
			defaultConfigurationIsVisible = 0;
			defaultConfigurationName = Release;
		};
		30DA672F25908094008BE5F3 /* Build configuration list for PBXNativeTarget "iphoneComTests" */ = {
			isa = XCConfigurationList;
			buildConfigurations = (
				30DA673025908094008BE5F3 /* Debug */,
				30DA673125908094008BE5F3 /* Release */,
			);
			defaultConfigurationIsVisible = 0;
			defaultConfigurationName = Release;
		};
		30DA673225908094008BE5F3 /* Build configuration list for PBXNativeTarget "iphoneComUITests" */ = {
			isa = XCConfigurationList;
			buildConfigurations = (
				30DA673325908094008BE5F3 /* Debug */,
				30DA673425908094008BE5F3 /* Release */,
			);
			defaultConfigurationIsVisible = 0;
			defaultConfigurationName = Release;
		};
/* End XCConfigurationList section */
	};
	rootObject = 30DA66F525908092008BE5F3 /* Project object */;
}
