// !$*UTF8*$!
{
	archiveVersion = 1;
	classes = {
	};
	objectVersion = 50;
	objects = {

/* Begin PBXBuildFile section */
		30BAA96A20DA358900C58F34 /* AppDelegate.m in Sources */ = {isa = PBXBuildFile; fileRef = 30BAA96920DA358900C58F34 /* AppDelegate.m */; };
		30BAA96D20DA358900C58F34 /* ViewController.m in Sources */ = {isa = PBXBuildFile; fileRef = 30BAA96C20DA358900C58F34 /* ViewController.m */; };
		30BAA97020DA358900C58F34 /* Main.storyboard in Resources */ = {isa = PBXBuildFile; fileRef = 30BAA96E20DA358900C58F34 /* Main.storyboard */; };
		30BAA97220DA358C00C58F34 /* Assets.xcassets in Resources */ = {isa = PBXBuildFile; fileRef = 30BAA97120DA358C00C58F34 /* Assets.xcassets */; };
		30BAA97520DA358C00C58F34 /* LaunchScreen.storyboard in Resources */ = {isa = PBXBuildFile; fileRef = 30BAA97320DA358C00C58F34 /* LaunchScreen.storyboard */; };
		30BAA97820DA358C00C58F34 /* main.m in Sources */ = {isa = PBXBuildFile; fileRef = 30BAA97720DA358C00C58F34 /* main.m */; };
		30BAA98220DA358C00C58F34 /* iphoneComTests.m in Sources */ = {isa = PBXBuildFile; fileRef = 30BAA98120DA358C00C58F34 /* iphoneComTests.m */; };
		30BAA98D20DA358C00C58F34 /* iphoneComUITests.m in Sources */ = {isa = PBXBuildFile; fileRef = 30BAA98C20DA358C00C58F34 /* iphoneComUITests.m */; };
/* End PBXBuildFile section */

/* Begin PBXContainerItemProxy section */
		30BAA97E20DA358C00C58F34 /* PBXContainerItemProxy */ = {
			isa = PBXContainerItemProxy;
			containerPortal = 30BAA95D20DA358900C58F34 /* Project object */;
			proxyType = 1;
			remoteGlobalIDString = 30BAA96420DA358900C58F34;
			remoteInfo = iphoneCom;
		};
		30BAA98920DA358C00C58F34 /* PBXContainerItemProxy */ = {
			isa = PBXContainerItemProxy;
			containerPortal = 30BAA95D20DA358900C58F34 /* Project object */;
			proxyType = 1;
			remoteGlobalIDString = 30BAA96420DA358900C58F34;
			remoteInfo = iphoneCom;
		};
/* End PBXContainerItemProxy section */

/* Begin PBXFileReference section */
		30BAA96520DA358900C58F34 /* iphoneCom.app */ = {isa = PBXFileReference; explicitFileType = wrapper.application; includeInIndex = 0; path = iphoneCom.app; sourceTree = BUILT_PRODUCTS_DIR; };
		30BAA96820DA358900C58F34 /* AppDelegate.h */ = {isa = PBXFileReference; lastKnownFileType = sourcecode.c.h; path = AppDelegate.h; sourceTree = "<group>"; };
		30BAA96920DA358900C58F34 /* AppDelegate.m */ = {isa = PBXFileReference; lastKnownFileType = sourcecode.c.objc; path = AppDelegate.m; sourceTree = "<group>"; };
		30BAA96B20DA358900C58F34 /* ViewController.h */ = {isa = PBXFileReference; lastKnownFileType = sourcecode.c.h; path = ViewController.h; sourceTree = "<group>"; };
		30BAA96C20DA358900C58F34 /* ViewController.m */ = {isa = PBXFileReference; lastKnownFileType = sourcecode.c.objc; path = ViewController.m; sourceTree = "<group>"; };
		30BAA96F20DA358900C58F34 /* Base */ = {isa = PBXFileReference; lastKnownFileType = file.storyboard; name = Base; path = Base.lproj/Main.storyboard; sourceTree = "<group>"; };
		30BAA97120DA358C00C58F34 /* Assets.xcassets */ = {isa = PBXFileReference; lastKnownFileType = folder.assetcatalog; path = Assets.xcassets; sourceTree = "<group>"; };
		30BAA97420DA358C00C58F34 /* Base */ = {isa = PBXFileReference; lastKnownFileType = file.storyboard; name = Base; path = Base.lproj/LaunchScreen.storyboard; sourceTree = "<group>"; };
		30BAA97620DA358C00C58F34 /* Info.plist */ = {isa = PBXFileReference; lastKnownFileType = text.plist.xml; path = Info.plist; sourceTree = "<group>"; };
		30BAA97720DA358C00C58F34 /* main.m */ = {isa = PBXFileReference; lastKnownFileType = sourcecode.c.objc; path = main.m; sourceTree = "<group>"; };
		30BAA97D20DA358C00C58F34 /* iphoneComTests.xctest */ = {isa = PBXFileReference; explicitFileType = wrapper.cfbundle; includeInIndex = 0; path = iphoneComTests.xctest; sourceTree = BUILT_PRODUCTS_DIR; };
		30BAA98120DA358C00C58F34 /* iphoneComTests.m */ = {isa = PBXFileReference; lastKnownFileType = sourcecode.c.objc; path = iphoneComTests.m; sourceTree = "<group>"; };
		30BAA98320DA358C00C58F34 /* Info.plist */ = {isa = PBXFileReference; lastKnownFileType = text.plist.xml; path = Info.plist; sourceTree = "<group>"; };
		30BAA98820DA358C00C58F34 /* iphoneComUITests.xctest */ = {isa = PBXFileReference; explicitFileType = wrapper.cfbundle; includeInIndex = 0; path = iphoneComUITests.xctest; sourceTree = BUILT_PRODUCTS_DIR; };
		30BAA98C20DA358C00C58F34 /* iphoneComUITests.m */ = {isa = PBXFileReference; lastKnownFileType = sourcecode.c.objc; path = iphoneComUITests.m; sourceTree = "<group>"; };
		30BAA98E20DA358D00C58F34 /* Info.plist */ = {isa = PBXFileReference; lastKnownFileType = text.plist.xml; path = Info.plist; sourceTree = "<group>"; };
/* End PBXFileReference section */

/* Begin PBXFrameworksBuildPhase section */
		30BAA96220DA358900C58F34 /* Frameworks */ = {
			isa = PBXFrameworksBuildPhase;
			buildActionMask = 2147483647;
			files = (
			);
			runOnlyForDeploymentPostprocessing = 0;
		};
		30BAA97A20DA358C00C58F34 /* Frameworks */ = {
			isa = PBXFrameworksBuildPhase;
			buildActionMask = 2147483647;
			files = (
			);
			runOnlyForDeploymentPostprocessing = 0;
		};
		30BAA98520DA358C00C58F34 /* Frameworks */ = {
			isa = PBXFrameworksBuildPhase;
			buildActionMask = 2147483647;
			files = (
			);
			runOnlyForDeploymentPostprocessing = 0;
		};
/* End PBXFrameworksBuildPhase section */

/* Begin PBXGroup section */
		30BAA95C20DA358900C58F34 = {
			isa = PBXGroup;
			children = (
				30BAA96720DA358900C58F34 /* iphoneCom */,
				30BAA98020DA358C00C58F34 /* iphoneComTests */,
				30BAA98B20DA358C00C58F34 /* iphoneComUITests */,
				30BAA96620DA358900C58F34 /* Products */,
			);
			sourceTree = "<group>";
		};
		30BAA96620DA358900C58F34 /* Products */ = {
			isa = PBXGroup;
			children = (
				30BAA96520DA358900C58F34 /* iphoneCom.app */,
				30BAA97D20DA358C00C58F34 /* iphoneComTests.xctest */,
				30BAA98820DA358C00C58F34 /* iphoneComUITests.xctest */,
			);
			name = Products;
			sourceTree = "<group>";
		};
		30BAA96720DA358900C58F34 /* iphoneCom */ = {
			isa = PBXGroup;
			children = (
				30BAA96820DA358900C58F34 /* AppDelegate.h */,
				30BAA96920DA358900C58F34 /* AppDelegate.m */,
				30BAA96B20DA358900C58F34 /* ViewController.h */,
				30BAA96C20DA358900C58F34 /* ViewController.m */,
				30BAA96E20DA358900C58F34 /* Main.storyboard */,
				30BAA97120DA358C00C58F34 /* Assets.xcassets */,
				30BAA97320DA358C00C58F34 /* LaunchScreen.storyboard */,
				30BAA97620DA358C00C58F34 /* Info.plist */,
				30BAA97720DA358C00C58F34 /* main.m */,
			);
			path = iphoneCom;
			sourceTree = "<group>";
		};
		30BAA98020DA358C00C58F34 /* iphoneComTests */ = {
			isa = PBXGroup;
			children = (
				30BAA98120DA358C00C58F34 /* iphoneComTests.m */,
				30BAA98320DA358C00C58F34 /* Info.plist */,
			);
			path = iphoneComTests;
			sourceTree = "<group>";
		};
		30BAA98B20DA358C00C58F34 /* iphoneComUITests */ = {
			isa = PBXGroup;
			children = (
				30BAA98C20DA358C00C58F34 /* iphoneComUITests.m */,
				30BAA98E20DA358D00C58F34 /* Info.plist */,
			);
			path = iphoneComUITests;
			sourceTree = "<group>";
		};
/* End PBXGroup section */

/* Begin PBXNativeTarget section */
		30BAA96420DA358900C58F34 /* iphoneCom */ = {
			isa = PBXNativeTarget;
			buildConfigurationList = 30BAA99120DA358D00C58F34 /* Build configuration list for PBXNativeTarget "iphoneCom" */;
			buildPhases = (
				30BAA96120DA358900C58F34 /* Sources */,
				30BAA96220DA358900C58F34 /* Frameworks */,
				30BAA96320DA358900C58F34 /* Resources */,
			);
			buildRules = (
			);
			dependencies = (
			);
			name = iphoneCom;
			productName = iphoneCom;
			productReference = 30BAA96520DA358900C58F34 /* iphoneCom.app */;
			productType = "com.apple.product-type.application";
		};
		30BAA97C20DA358C00C58F34 /* iphoneComTests */ = {
			isa = PBXNativeTarget;
			buildConfigurationList = 30BAA99420DA358D00C58F34 /* Build configuration list for PBXNativeTarget "iphoneComTests" */;
			buildPhases = (
				30BAA97920DA358C00C58F34 /* Sources */,
				30BAA97A20DA358C00C58F34 /* Frameworks */,
				30BAA97B20DA358C00C58F34 /* Resources */,
			);
			buildRules = (
			);
			dependencies = (
				30BAA97F20DA358C00C58F34 /* PBXTargetDependency */,
			);
			name = iphoneComTests;
			productName = iphoneComTests;
			productReference = 30BAA97D20DA358C00C58F34 /* iphoneComTests.xctest */;
			productType = "com.apple.product-type.bundle.unit-test";
		};
		30BAA98720DA358C00C58F34 /* iphoneComUITests */ = {
			isa = PBXNativeTarget;
			buildConfigurationList = 30BAA99720DA358D00C58F34 /* Build configuration list for PBXNativeTarget "iphoneComUITests" */;
			buildPhases = (
				30BAA98420DA358C00C58F34 /* Sources */,
				30BAA98520DA358C00C58F34 /* Frameworks */,
				30BAA98620DA358C00C58F34 /* Resources */,
			);
			buildRules = (
			);
			dependencies = (
				30BAA98A20DA358C00C58F34 /* PBXTargetDependency */,
			);
			name = iphoneComUITests;
			productName = iphoneComUITests;
			productReference = 30BAA98820DA358C00C58F34 /* iphoneComUITests.xctest */;
			productType = "com.apple.product-type.bundle.ui-testing";
		};
/* End PBXNativeTarget section */

/* Begin PBXProject section */
		30BAA95D20DA358900C58F34 /* Project object */ = {
			isa = PBXProject;
			attributes = {
				LastUpgradeCheck = 0940;
				ORGANIZATIONNAME = gaoyuan;
				TargetAttributes = {
					30BAA96420DA358900C58F34 = {
						CreatedOnToolsVersion = 9.4.1;
					};
					30BAA97C20DA358C00C58F34 = {
						CreatedOnToolsVersion = 9.4.1;
						TestTargetID = 30BAA96420DA358900C58F34;
					};
					30BAA98720DA358C00C58F34 = {
						CreatedOnToolsVersion = 9.4.1;
						TestTargetID = 30BAA96420DA358900C58F34;
					};
				};
			};
			buildConfigurationList = 30BAA96020DA358900C58F34 /* Build configuration list for PBXProject "iphoneCom" */;
			compatibilityVersion = "Xcode 9.3";
			developmentRegion = en;
			hasScannedForEncodings = 0;
			knownRegions = (
				en,
				Base,
			);
			mainGroup = 30BAA95C20DA358900C58F34;
			productRefGroup = 30BAA96620DA358900C58F34 /* Products */;
			projectDirPath = "";
			projectRoot = "";
			targets = (
				30BAA96420DA358900C58F34 /* iphoneCom */,
				30BAA97C20DA358C00C58F34 /* iphoneComTests */,
				30BAA98720DA358C00C58F34 /* iphoneComUITests */,
			);
		};
/* End PBXProject section */

/* Begin PBXResourcesBuildPhase section */
		30BAA96320DA358900C58F34 /* Resources */ = {
			isa = PBXResourcesBuildPhase;
			buildActionMask = 2147483647;
			files = (
				30BAA97520DA358C00C58F34 /* LaunchScreen.storyboard in Resources */,
				30BAA97220DA358C00C58F34 /* Assets.xcassets in Resources */,
				30BAA97020DA358900C58F34 /* Main.storyboard in Resources */,
			);
			runOnlyForDeploymentPostprocessing = 0;
		};
		30BAA97B20DA358C00C58F34 /* Resources */ = {
			isa = PBXResourcesBuildPhase;
			buildActionMask = 2147483647;
			files = (
			);
			runOnlyForDeploymentPostprocessing = 0;
		};
		30BAA98620DA358C00C58F34 /* Resources */ = {
			isa = PBXResourcesBuildPhase;
			buildActionMask = 2147483647;
			files = (
			);
			runOnlyForDeploymentPostprocessing = 0;
		};
/* End PBXResourcesBuildPhase section */

/* Begin PBXSourcesBuildPhase section */
		30BAA96120DA358900C58F34 /* Sources */ = {
			isa = PBXSourcesBuildPhase;
			buildActionMask = 2147483647;
			files = (
				30BAA96D20DA358900C58F34 /* ViewController.m in Sources */,
				30BAA97820DA358C00C58F34 /* main.m in Sources */,
				30BAA96A20DA358900C58F34 /* AppDelegate.m in Sources */,
			);
			runOnlyForDeploymentPostprocessing = 0;
		};
		30BAA97920DA358C00C58F34 /* Sources */ = {
			isa = PBXSourcesBuildPhase;
			buildActionMask = 2147483647;
			files = (
				30BAA98220DA358C00C58F34 /* iphoneComTests.m in Sources */,
			);
			runOnlyForDeploymentPostprocessing = 0;
		};
		30BAA98420DA358C00C58F34 /* Sources */ = {
			isa = PBXSourcesBuildPhase;
			buildActionMask = 2147483647;
			files = (
				30BAA98D20DA358C00C58F34 /* iphoneComUITests.m in Sources */,
			);
			runOnlyForDeploymentPostprocessing = 0;
		};
/* End PBXSourcesBuildPhase section */

/* Begin PBXTargetDependency section */
		30BAA97F20DA358C00C58F34 /* PBXTargetDependency */ = {
			isa = PBXTargetDependency;
			target = 30BAA96420DA358900C58F34 /* iphoneCom */;
			targetProxy = 30BAA97E20DA358C00C58F34 /* PBXContainerItemProxy */;
		};
		30BAA98A20DA358C00C58F34 /* PBXTargetDependency */ = {
			isa = PBXTargetDependency;
			target = 30BAA96420DA358900C58F34 /* iphoneCom */;
			targetProxy = 30BAA98920DA358C00C58F34 /* PBXContainerItemProxy */;
		};
/* End PBXTargetDependency section */

/* Begin PBXVariantGroup section */
		30BAA96E20DA358900C58F34 /* Main.storyboard */ = {
			isa = PBXVariantGroup;
			children = (
				30BAA96F20DA358900C58F34 /* Base */,
			);
			name = Main.storyboard;
			sourceTree = "<group>";
		};
		30BAA97320DA358C00C58F34 /* LaunchScreen.storyboard */ = {
			isa = PBXVariantGroup;
			children = (
				30BAA97420DA358C00C58F34 /* Base */,
			);
			name = LaunchScreen.storyboard;
			sourceTree = "<group>";
		};
/* End PBXVariantGroup section */

/* Begin XCBuildConfiguration section */
		30BAA98F20DA358D00C58F34 /* Debug */ = {
			isa = XCBuildConfiguration;
			buildSettings = {
				ALWAYS_SEARCH_USER_PATHS = NO;
				CLANG_ANALYZER_NONNULL = YES;
				CLANG_ANALYZER_NUMBER_OBJECT_CONVERSION = YES_AGGRESSIVE;
				CLANG_CXX_LANGUAGE_STANDARD = "gnu++14";
				CLANG_CXX_LIBRARY = "libc++";
				CLANG_ENABLE_MODULES = YES;
				CLANG_ENABLE_OBJC_ARC = YES;
				CLANG_ENABLE_OBJC_WEAK = YES;
				CLANG_WARN_BLOCK_CAPTURE_AUTORELEASING = YES;
				CLANG_WARN_BOOL_CONVERSION = YES;
				CLANG_WARN_COMMA = YES;
				CLANG_WARN_CONSTANT_CONVERSION = YES;
				CLANG_WARN_DEPRECATED_OBJC_IMPLEMENTATIONS = YES;
				CLANG_WARN_DIRECT_OBJC_ISA_USAGE = YES_ERROR;
				CLANG_WARN_DOCUMENTATION_COMMENTS = YES;
				CLANG_WARN_EMPTY_BODY = YES;
				CLANG_WARN_ENUM_CONVERSION = YES;
				CLANG_WARN_INFINITE_RECURSION = YES;
				CLANG_WARN_INT_CONVERSION = YES;
				CLANG_WARN_NON_LITERAL_NULL_CONVERSION = YES;
				CLANG_WARN_OBJC_IMPLICIT_RETAIN_SELF = YES;
				CLANG_WARN_OBJC_LITERAL_CONVERSION = YES;
				CLANG_WARN_OBJC_ROOT_CLASS = YES_ERROR;
				CLANG_WARN_RANGE_LOOP_ANALYSIS = YES;
				CLANG_WARN_STRICT_PROTOTYPES = YES;
				CLANG_WARN_SUSPICIOUS_MOVE = YES;
				CLANG_WARN_UNGUARDED_AVAILABILITY = YES_AGGRESSIVE;
				CLANG_WARN_UNREACHABLE_CODE = YES;
				CLANG_WARN__DUPLICATE_METHOD_MATCH = YES;
				CODE_SIGN_IDENTITY = "iPhone Developer";
				COPY_PHASE_STRIP = NO;
				DEBUG_INFORMATION_FORMAT = dwarf;
				ENABLE_STRICT_OBJC_MSGSEND = YES;
				ENABLE_TESTABILITY = YES;
				GCC_C_LANGUAGE_STANDARD = gnu11;
				GCC_DYNAMIC_NO_PIC = NO;
				GCC_NO_COMMON_BLOCKS = YES;
				GCC_OPTIMIZATION_LEVEL = 0;
				GCC_PREPROCESSOR_DEFINITIONS = (
					"DEBUG=1",
					"$(inherited)",
				);
				GCC_WARN_64_TO_32_BIT_CONVERSION = YES;
				GCC_WARN_ABOUT_RETURN_TYPE = YES_ERROR;
				GCC_WARN_UNDECLARED_SELECTOR = YES;
				GCC_WARN_UNINITIALIZED_AUTOS = YES_AGGRESSIVE;
				GCC_WARN_UNUSED_FUNCTION = YES;
				GCC_WARN_UNUSED_VARIABLE = YES;
				IPHONEOS_DEPLOYMENT_TARGET = 11.4;
				MTL_ENABLE_DEBUG_INFO = YES;
				ONLY_ACTIVE_ARCH = YES;
				SDKROOT = iphoneos;
			};
			name = Debug;
		};
		30BAA99020DA358D00C58F34 /* Release */ = {
			isa = XCBuildConfiguration;
			buildSettings = {
				ALWAYS_SEARCH_USER_PATHS = NO;
				CLANG_ANALYZER_NONNULL = YES;
				CLANG_ANALYZER_NUMBER_OBJECT_CONVERSION = YES_AGGRESSIVE;
				CLANG_CXX_LANGUAGE_STANDARD = "gnu++14";
				CLANG_CXX_LIBRARY = "libc++";
				CLANG_ENABLE_MODULES = YES;
				CLANG_ENABLE_OBJC_ARC = YES;
				CLANG_ENABLE_OBJC_WEAK = YES;
				CLANG_WARN_BLOCK_CAPTURE_AUTORELEASING = YES;
				CLANG_WARN_BOOL_CONVERSION = YES;
				CLANG_WARN_COMMA = YES;
				CLANG_WARN_CONSTANT_CONVERSION = YES;
				CLANG_WARN_DEPRECATED_OBJC_IMPLEMENTATIONS = YES;
				CLANG_WARN_DIRECT_OBJC_ISA_USAGE = YES_ERROR;
				CLANG_WARN_DOCUMENTATION_COMMENTS = YES;
				CLANG_WARN_EMPTY_BODY = YES;
				CLANG_WARN_ENUM_CONVERSION = YES;
				CLANG_WARN_INFINITE_RECURSION = YES;
				CLANG_WARN_INT_CONVERSION = YES;
				CLANG_WARN_NON_LITERAL_NULL_CONVERSION = YES;
				CLANG_WARN_OBJC_IMPLICIT_RETAIN_SELF = YES;
				CLANG_WARN_OBJC_LITERAL_CONVERSION = YES;
				CLANG_WARN_OBJC_ROOT_CLASS = YES_ERROR;
				CLANG_WARN_RANGE_LOOP_ANALYSIS = YES;
				CLANG_WARN_STRICT_PROTOTYPES = YES;
				CLANG_WARN_SUSPICIOUS_MOVE = YES;
				CLANG_WARN_UNGUARDED_AVAILABILITY = YES_AGGRESSIVE;
				CLANG_WARN_UNREACHABLE_CODE = YES;
				CLANG_WARN__DUPLICATE_METHOD_MATCH = YES;
				CODE_SIGN_IDENTITY = "iPhone Developer";
				COPY_PHASE_STRIP = NO;
				DEBUG_INFORMATION_FORMAT = "dwarf-with-dsym";
				ENABLE_NS_ASSERTIONS = NO;
				ENABLE_STRICT_OBJC_MSGSEND = YES;
				GCC_C_LANGUAGE_STANDARD = gnu11;
				GCC_NO_COMMON_BLOCKS = YES;
				GCC_WARN_64_TO_32_BIT_CONVERSION = YES;
				GCC_WARN_ABOUT_RETURN_TYPE = YES_ERROR;
				GCC_WARN_UNDECLARED_SELECTOR = YES;
				GCC_WARN_UNINITIALIZED_AUTOS = YES_AGGRESSIVE;
				GCC_WARN_UNUSED_FUNCTION = YES;
				GCC_WARN_UNUSED_VARIABLE = YES;
				IPHONEOS_DEPLOYMENT_TARGET = 11.4;
				MTL_ENABLE_DEBUG_INFO = NO;
				SDKROOT = iphoneos;
				VALIDATE_PRODUCT = YES;
			};
			name = Release;
		};
		30BAA99220DA358D00C58F34 /* Debug */ = {
			isa = XCBuildConfiguration;
			buildSettings = {
				ASSETCATALOG_COMPILER_APPICON_NAME = AppIcon;
				CODE_SIGN_STYLE = Automatic;
				INFOPLIST_FILE = iphoneCom/Info.plist;
				LD_RUNPATH_SEARCH_PATHS = (
					"$(inherited)",
					"@executable_path/Frameworks",
				);
				PRODUCT_BUNDLE_IDENTIFIER = com.gaoyuan.iphoneCom;
				PRODUCT_NAME = "$(TARGET_NAME)";
				TARGETED_DEVICE_FAMILY = "1,2";
			};
			name = Debug;
		};
		30BAA99320DA358D00C58F34 /* Release */ = {
			isa = XCBuildConfiguration;
			buildSettings = {
				ASSETCATALOG_COMPILER_APPICON_NAME = AppIcon;
				CODE_SIGN_STYLE = Automatic;
				INFOPLIST_FILE = iphoneCom/Info.plist;
				LD_RUNPATH_SEARCH_PATHS = (
					"$(inherited)",
					"@executable_path/Frameworks",
				);
				PRODUCT_BUNDLE_IDENTIFIER = com.gaoyuan.iphoneCom;
				PRODUCT_NAME = "$(TARGET_NAME)";
				TARGETED_DEVICE_FAMILY = "1,2";
			};
			name = Release;
		};
		30BAA99520DA358D00C58F34 /* Debug */ = {
			isa = XCBuildConfiguration;
			buildSettings = {
				BUNDLE_LOADER = "$(TEST_HOST)";
				CODE_SIGN_STYLE = Automatic;
				INFOPLIST_FILE = iphoneComTests/Info.plist;
				LD_RUNPATH_SEARCH_PATHS = (
					"$(inherited)",
					"@executable_path/Frameworks",
					"@loader_path/Frameworks",
				);
				PRODUCT_BUNDLE_IDENTIFIER = com.gaoyuan.iphoneComTests;
				PRODUCT_NAME = "$(TARGET_NAME)";
				TARGETED_DEVICE_FAMILY = "1,2";
				TEST_HOST = "$(BUILT_PRODUCTS_DIR)/iphoneCom.app/iphoneCom";
			};
			name = Debug;
		};
		30BAA99620DA358D00C58F34 /* Release */ = {
			isa = XCBuildConfiguration;
			buildSettings = {
				BUNDLE_LOADER = "$(TEST_HOST)";
				CODE_SIGN_STYLE = Automatic;
				INFOPLIST_FILE = iphoneComTests/Info.plist;
				LD_RUNPATH_SEARCH_PATHS = (
					"$(inherited)",
					"@executable_path/Frameworks",
					"@loader_path/Frameworks",
				);
				PRODUCT_BUNDLE_IDENTIFIER = com.gaoyuan.iphoneComTests;
				PRODUCT_NAME = "$(TARGET_NAME)";
				TARGETED_DEVICE_FAMILY = "1,2";
				TEST_HOST = "$(BUILT_PRODUCTS_DIR)/iphoneCom.app/iphoneCom";
			};
			name = Release;
		};
		30BAA99820DA358D00C58F34 /* Debug */ = {
			isa = XCBuildConfiguration;
			buildSettings = {
				CODE_SIGN_STYLE = Automatic;
				INFOPLIST_FILE = iphoneComUITests/Info.plist;
				LD_RUNPATH_SEARCH_PATHS = (
					"$(inherited)",
					"@executable_path/Frameworks",
					"@loader_path/Frameworks",
				);
				PRODUCT_BUNDLE_IDENTIFIER = com.gaoyuan.iphoneComUITests;
				PRODUCT_NAME = "$(TARGET_NAME)";
				TARGETED_DEVICE_FAMILY = "1,2";
				TEST_TARGET_NAME = iphoneCom;
			};
			name = Debug;
		};
		30BAA99920DA358D00C58F34 /* Release */ = {
			isa = XCBuildConfiguration;
			buildSettings = {
				CODE_SIGN_STYLE = Automatic;
				INFOPLIST_FILE = iphoneComUITests/Info.plist;
				LD_RUNPATH_SEARCH_PATHS = (
					"$(inherited)",
					"@executable_path/Frameworks",
					"@loader_path/Frameworks",
				);
				PRODUCT_BUNDLE_IDENTIFIER = com.gaoyuan.iphoneComUITests;
				PRODUCT_NAME = "$(TARGET_NAME)";
				TARGETED_DEVICE_FAMILY = "1,2";
				TEST_TARGET_NAME = iphoneCom;
			};
			name = Release;
		};
/* End XCBuildConfiguration section */

/* Begin XCConfigurationList section */
		30BAA96020DA358900C58F34 /* Build configuration list for PBXProject "iphoneCom" */ = {
			isa = XCConfigurationList;
			buildConfigurations = (
				30BAA98F20DA358D00C58F34 /* Debug */,
				30BAA99020DA358D00C58F34 /* Release */,
			);
			defaultConfigurationIsVisible = 0;
			defaultConfigurationName = Release;
		};
		30BAA99120DA358D00C58F34 /* Build configuration list for PBXNativeTarget "iphoneCom" */ = {
			isa = XCConfigurationList;
			buildConfigurations = (
				30BAA99220DA358D00C58F34 /* Debug */,
				30BAA99320DA358D00C58F34 /* Release */,
			);
			defaultConfigurationIsVisible = 0;
			defaultConfigurationName = Release;
		};
		30BAA99420DA358D00C58F34 /* Build configuration list for PBXNativeTarget "iphoneComTests" */ = {
			isa = XCConfigurationList;
			buildConfigurations = (
				30BAA99520DA358D00C58F34 /* Debug */,
				30BAA99620DA358D00C58F34 /* Release */,
			);
			defaultConfigurationIsVisible = 0;
			defaultConfigurationName = Release;
		};
		30BAA99720DA358D00C58F34 /* Build configuration list for PBXNativeTarget "iphoneComUITests" */ = {
			isa = XCConfigurationList;
			buildConfigurations = (
				30BAA99820DA358D00C58F34 /* Debug */,
				30BAA99920DA358D00C58F34 /* Release */,
			);
			defaultConfigurationIsVisible = 0;
			defaultConfigurationName = Release;
		};
/* End XCConfigurationList section */
	};
	rootObject = 30BAA95D20DA358900C58F34 /* Project object */;
}
