// !$*UTF8*$!
{
	archiveVersion = 1;
	classes = {
	};
	objectVersion = 50;
	objects = {

/* Begin PBXBuildFile section */
		3058736C23280BE3008A8024 /* Platypus.framework in Frameworks */ = {isa = PBXBuildFile; fileRef = 3058736223280BE3008A8024 /* Platypus.framework */; };
		3058737123280BE3008A8024 /* PlatypusTests.swift in Sources */ = {isa = PBXBuildFile; fileRef = 3058737023280BE3008A8024 /* PlatypusTests.swift */; };
		3058737E23280C75008A8024 /* ExtUIView.swift in Sources */ = {isa = PBXBuildFile; fileRef = 3058737D23280C75008A8024 /* ExtUIView.swift */; };
		3058737F23280CCE008A8024 /* ExtUIView.swift in Headers */ = {isa = PBXBuildFile; fileRef = 3058737D23280C75008A8024 /* ExtUIView.swift */; settings = {ATTRIBUTES = (Public, ); }; };
		3058738323280F60008A8024 /* ExtString.swift in Sources */ = {isa = PBXBuildFile; fileRef = 3058738223280F60008A8024 /* ExtString.swift */; };
		3058738623280FAA008A8024 /* GlobalConst.swift in Sources */ = {isa = PBXBuildFile; fileRef = 3058738523280FAA008A8024 /* GlobalConst.swift */; };
		305873892328110D008A8024 /* Storage.swift in Sources */ = {isa = PBXBuildFile; fileRef = 305873882328110D008A8024 /* Storage.swift */; };
		3058738A23281129008A8024 /* Storage.swift in Headers */ = {isa = PBXBuildFile; fileRef = 305873882328110D008A8024 /* Storage.swift */; settings = {ATTRIBUTES = (Public, ); }; };
		3058738B2328112D008A8024 /* GlobalConst.swift in Headers */ = {isa = PBXBuildFile; fileRef = 3058738523280FAA008A8024 /* GlobalConst.swift */; settings = {ATTRIBUTES = (Public, ); }; };
		3058738C23281130008A8024 /* ExtString.swift in Headers */ = {isa = PBXBuildFile; fileRef = 3058738223280F60008A8024 /* ExtString.swift */; settings = {ATTRIBUTES = (Public, ); }; };
/* End PBXBuildFile section */

/* Begin PBXContainerItemProxy section */
		3058736D23280BE3008A8024 /* PBXContainerItemProxy */ = {
			isa = PBXContainerItemProxy;
			containerPortal = 3058735923280BE3008A8024 /* Project object */;
			proxyType = 1;
			remoteGlobalIDString = 3058736123280BE3008A8024;
			remoteInfo = Platypus;
		};
/* End PBXContainerItemProxy section */

/* Begin PBXFileReference section */
		3058736223280BE3008A8024 /* Platypus.framework */ = {isa = PBXFileReference; explicitFileType = wrapper.framework; includeInIndex = 0; path = Platypus.framework; sourceTree = BUILT_PRODUCTS_DIR; };
		3058736623280BE3008A8024 /* Info.plist */ = {isa = PBXFileReference; lastKnownFileType = text.plist.xml; path = Info.plist; sourceTree = "<group>"; };
		3058736B23280BE3008A8024 /* PlatypusTests.xctest */ = {isa = PBXFileReference; explicitFileType = wrapper.cfbundle; includeInIndex = 0; path = PlatypusTests.xctest; sourceTree = BUILT_PRODUCTS_DIR; };
		3058737023280BE3008A8024 /* PlatypusTests.swift */ = {isa = PBXFileReference; lastKnownFileType = sourcecode.swift; path = PlatypusTests.swift; sourceTree = "<group>"; };
		3058737223280BE3008A8024 /* Info.plist */ = {isa = PBXFileReference; lastKnownFileType = text.plist.xml; path = Info.plist; sourceTree = "<group>"; };
		3058737D23280C75008A8024 /* ExtUIView.swift */ = {isa = PBXFileReference; lastKnownFileType = sourcecode.swift; path = ExtUIView.swift; sourceTree = "<group>"; };
		3058738223280F60008A8024 /* ExtString.swift */ = {isa = PBXFileReference; lastKnownFileType = sourcecode.swift; path = ExtString.swift; sourceTree = "<group>"; };
		3058738523280FAA008A8024 /* GlobalConst.swift */ = {isa = PBXFileReference; lastKnownFileType = sourcecode.swift; path = GlobalConst.swift; sourceTree = "<group>"; };
		305873882328110D008A8024 /* Storage.swift */ = {isa = PBXFileReference; lastKnownFileType = sourcecode.swift; path = Storage.swift; sourceTree = "<group>"; };
/* End PBXFileReference section */

/* Begin PBXFrameworksBuildPhase section */
		3058735F23280BE3008A8024 /* Frameworks */ = {
			isa = PBXFrameworksBuildPhase;
			buildActionMask = 2147483647;
			files = (
			);
			runOnlyForDeploymentPostprocessing = 0;
		};
		3058736823280BE3008A8024 /* Frameworks */ = {
			isa = PBXFrameworksBuildPhase;
			buildActionMask = 2147483647;
			files = (
				3058736C23280BE3008A8024 /* Platypus.framework in Frameworks */,
			);
			runOnlyForDeploymentPostprocessing = 0;
		};
/* End PBXFrameworksBuildPhase section */

/* Begin PBXGroup section */
		3058735823280BE3008A8024 = {
			isa = PBXGroup;
			children = (
				3058736423280BE3008A8024 /* Platypus */,
				3058736F23280BE3008A8024 /* PlatypusTests */,
				3058736323280BE3008A8024 /* Products */,
			);
			sourceTree = "<group>";
		};
		3058736323280BE3008A8024 /* Products */ = {
			isa = PBXGroup;
			children = (
				3058736223280BE3008A8024 /* Platypus.framework */,
				3058736B23280BE3008A8024 /* PlatypusTests.xctest */,
			);
			name = Products;
			sourceTree = "<group>";
		};
		3058736423280BE3008A8024 /* Platypus */ = {
			isa = PBXGroup;
			children = (
				30587387232810FD008A8024 /* Kit */,
				3058738423280F82008A8024 /* Global */,
				3058737C23280C64008A8024 /* Extentions */,
				3058736623280BE3008A8024 /* Info.plist */,
			);
			path = Platypus;
			sourceTree = "<group>";
		};
		3058736F23280BE3008A8024 /* PlatypusTests */ = {
			isa = PBXGroup;
			children = (
				3058737023280BE3008A8024 /* PlatypusTests.swift */,
				3058737223280BE3008A8024 /* Info.plist */,
			);
			path = PlatypusTests;
			sourceTree = "<group>";
		};
		3058737C23280C64008A8024 /* Extentions */ = {
			isa = PBXGroup;
			children = (
				3058737D23280C75008A8024 /* ExtUIView.swift */,
				3058738223280F60008A8024 /* ExtString.swift */,
			);
			path = Extentions;
			sourceTree = "<group>";
		};
		3058738423280F82008A8024 /* Global */ = {
			isa = PBXGroup;
			children = (
				3058738523280FAA008A8024 /* GlobalConst.swift */,
			);
			path = Global;
			sourceTree = "<group>";
		};
		30587387232810FD008A8024 /* Kit */ = {
			isa = PBXGroup;
			children = (
				305873882328110D008A8024 /* Storage.swift */,
			);
			path = Kit;
			sourceTree = "<group>";
		};
/* End PBXGroup section */

/* Begin PBXHeadersBuildPhase section */
		3058735D23280BE3008A8024 /* Headers */ = {
			isa = PBXHeadersBuildPhase;
			buildActionMask = 2147483647;
			files = (
				3058737F23280CCE008A8024 /* ExtUIView.swift in Headers */,
				3058738C23281130008A8024 /* ExtString.swift in Headers */,
				3058738B2328112D008A8024 /* GlobalConst.swift in Headers */,
				3058738A23281129008A8024 /* Storage.swift in Headers */,
			);
			runOnlyForDeploymentPostprocessing = 0;
		};
/* End PBXHeadersBuildPhase section */

/* Begin PBXNativeTarget section */
		3058736123280BE3008A8024 /* Platypus */ = {
			isa = PBXNativeTarget;
			buildConfigurationList = 3058737623280BE3008A8024 /* Build configuration list for PBXNativeTarget "Platypus" */;
			buildPhases = (
				3058735D23280BE3008A8024 /* Headers */,
				3058735E23280BE3008A8024 /* Sources */,
				3058735F23280BE3008A8024 /* Frameworks */,
				3058736023280BE3008A8024 /* Resources */,
			);
			buildRules = (
			);
			dependencies = (
			);
			name = Platypus;
			productName = Platypus;
			productReference = 3058736223280BE3008A8024 /* Platypus.framework */;
			productType = "com.apple.product-type.framework";
		};
		3058736A23280BE3008A8024 /* PlatypusTests */ = {
			isa = PBXNativeTarget;
			buildConfigurationList = 3058737923280BE3008A8024 /* Build configuration list for PBXNativeTarget "PlatypusTests" */;
			buildPhases = (
				3058736723280BE3008A8024 /* Sources */,
				3058736823280BE3008A8024 /* Frameworks */,
				3058736923280BE3008A8024 /* Resources */,
			);
			buildRules = (
			);
			dependencies = (
				3058736E23280BE3008A8024 /* PBXTargetDependency */,
			);
			name = PlatypusTests;
			productName = PlatypusTests;
			productReference = 3058736B23280BE3008A8024 /* PlatypusTests.xctest */;
			productType = "com.apple.product-type.bundle.unit-test";
		};
/* End PBXNativeTarget section */

/* Begin PBXProject section */
		3058735923280BE3008A8024 /* Project object */ = {
			isa = PBXProject;
			attributes = {
				LastSwiftUpdateCheck = 1030;
				LastUpgradeCheck = 1030;
				ORGANIZATIONNAME = gaoyuan;
				TargetAttributes = {
					3058736123280BE3008A8024 = {
						CreatedOnToolsVersion = 10.3;
						LastSwiftMigration = 1030;
					};
					3058736A23280BE3008A8024 = {
						CreatedOnToolsVersion = 10.3;
					};
				};
			};
			buildConfigurationList = 3058735C23280BE3008A8024 /* Build configuration list for PBXProject "Platypus" */;
			compatibilityVersion = "Xcode 9.3";
			developmentRegion = en;
			hasScannedForEncodings = 0;
			knownRegions = (
				en,
			);
			mainGroup = 3058735823280BE3008A8024;
			productRefGroup = 3058736323280BE3008A8024 /* Products */;
			projectDirPath = "";
			projectRoot = "";
			targets = (
				3058736123280BE3008A8024 /* Platypus */,
				3058736A23280BE3008A8024 /* PlatypusTests */,
			);
		};
/* End PBXProject section */

/* Begin PBXResourcesBuildPhase section */
		3058736023280BE3008A8024 /* Resources */ = {
			isa = PBXResourcesBuildPhase;
			buildActionMask = 2147483647;
			files = (
			);
			runOnlyForDeploymentPostprocessing = 0;
		};
		3058736923280BE3008A8024 /* Resources */ = {
			isa = PBXResourcesBuildPhase;
			buildActionMask = 2147483647;
			files = (
			);
			runOnlyForDeploymentPostprocessing = 0;
		};
/* End PBXResourcesBuildPhase section */

/* Begin PBXSourcesBuildPhase section */
		3058735E23280BE3008A8024 /* Sources */ = {
			isa = PBXSourcesBuildPhase;
			buildActionMask = 2147483647;
			files = (
				3058738323280F60008A8024 /* ExtString.swift in Sources */,
				305873892328110D008A8024 /* Storage.swift in Sources */,
				3058738623280FAA008A8024 /* GlobalConst.swift in Sources */,
				3058737E23280C75008A8024 /* ExtUIView.swift in Sources */,
			);
			runOnlyForDeploymentPostprocessing = 0;
		};
		3058736723280BE3008A8024 /* Sources */ = {
			isa = PBXSourcesBuildPhase;
			buildActionMask = 2147483647;
			files = (
				3058737123280BE3008A8024 /* PlatypusTests.swift in Sources */,
			);
			runOnlyForDeploymentPostprocessing = 0;
		};
/* End PBXSourcesBuildPhase section */

/* Begin PBXTargetDependency section */
		3058736E23280BE3008A8024 /* PBXTargetDependency */ = {
			isa = PBXTargetDependency;
			target = 3058736123280BE3008A8024 /* Platypus */;
			targetProxy = 3058736D23280BE3008A8024 /* PBXContainerItemProxy */;
		};
/* End PBXTargetDependency section */

/* Begin XCBuildConfiguration section */
		3058737423280BE3008A8024 /* Debug */ = {
			isa = XCBuildConfiguration;
			buildSettings = {
				ALWAYS_SEARCH_USER_PATHS = NO;
				CLANG_ANALYZER_NONNULL = YES;
				CLANG_ANALYZER_NUMBER_OBJECT_CONVERSION = YES_AGGRESSIVE;
				CLANG_CXX_LANGUAGE_STANDARD = "gnu++14";
				CLANG_CXX_LIBRARY = "libc++";
				CLANG_ENABLE_MODULES = YES;
				CLANG_ENABLE_OBJC_ARC = YES;
				CLANG_ENABLE_OBJC_WEAK = YES;
				CLANG_WARN_BLOCK_CAPTURE_AUTORELEASING = YES;
				CLANG_WARN_BOOL_CONVERSION = YES;
				CLANG_WARN_COMMA = YES;
				CLANG_WARN_CONSTANT_CONVERSION = YES;
				CLANG_WARN_DEPRECATED_OBJC_IMPLEMENTATIONS = YES;
				CLANG_WARN_DIRECT_OBJC_ISA_USAGE = YES_ERROR;
				CLANG_WARN_DOCUMENTATION_COMMENTS = YES;
				CLANG_WARN_EMPTY_BODY = YES;
				CLANG_WARN_ENUM_CONVERSION = YES;
				CLANG_WARN_INFINITE_RECURSION = YES;
				CLANG_WARN_INT_CONVERSION = YES;
				CLANG_WARN_NON_LITERAL_NULL_CONVERSION = YES;
				CLANG_WARN_OBJC_IMPLICIT_RETAIN_SELF = YES;
				CLANG_WARN_OBJC_LITERAL_CONVERSION = YES;
				CLANG_WARN_OBJC_ROOT_CLASS = YES_ERROR;
				CLANG_WARN_RANGE_LOOP_ANALYSIS = YES;
				CLANG_WARN_STRICT_PROTOTYPES = YES;
				CLANG_WARN_SUSPICIOUS_MOVE = YES;
				CLANG_WARN_UNGUARDED_AVAILABILITY = YES_AGGRESSIVE;
				CLANG_WARN_UNREACHABLE_CODE = YES;
				CLANG_WARN__DUPLICATE_METHOD_MATCH = YES;
				CODE_SIGN_IDENTITY = "iPhone Developer";
				COPY_PHASE_STRIP = NO;
				CURRENT_PROJECT_VERSION = 1;
				DEBUG_INFORMATION_FORMAT = dwarf;
				ENABLE_STRICT_OBJC_MSGSEND = YES;
				ENABLE_TESTABILITY = YES;
				GCC_C_LANGUAGE_STANDARD = gnu11;
				GCC_DYNAMIC_NO_PIC = NO;
				GCC_NO_COMMON_BLOCKS = YES;
				GCC_OPTIMIZATION_LEVEL = 0;
				GCC_PREPROCESSOR_DEFINITIONS = (
					"DEBUG=1",
					"$(inherited)",
				);
				GCC_WARN_64_TO_32_BIT_CONVERSION = YES;
				GCC_WARN_ABOUT_RETURN_TYPE = YES_ERROR;
				GCC_WARN_UNDECLARED_SELECTOR = YES;
				GCC_WARN_UNINITIALIZED_AUTOS = YES_AGGRESSIVE;
				GCC_WARN_UNUSED_FUNCTION = YES;
				GCC_WARN_UNUSED_VARIABLE = YES;
				IPHONEOS_DEPLOYMENT_TARGET = 12.4;
				MTL_ENABLE_DEBUG_INFO = INCLUDE_SOURCE;
				MTL_FAST_MATH = YES;
				ONLY_ACTIVE_ARCH = YES;
				SDKROOT = iphoneos;
				SWIFT_ACTIVE_COMPILATION_CONDITIONS = DEBUG;
				SWIFT_OPTIMIZATION_LEVEL = "-Onone";
				VERSIONING_SYSTEM = "apple-generic";
				VERSION_INFO_PREFIX = "";
			};
			name = Debug;
		};
		3058737523280BE3008A8024 /* Release */ = {
			isa = XCBuildConfiguration;
			buildSettings = {
				ALWAYS_SEARCH_USER_PATHS = NO;
				CLANG_ANALYZER_NONNULL = YES;
				CLANG_ANALYZER_NUMBER_OBJECT_CONVERSION = YES_AGGRESSIVE;
				CLANG_CXX_LANGUAGE_STANDARD = "gnu++14";
				CLANG_CXX_LIBRARY = "libc++";
				CLANG_ENABLE_MODULES = YES;
				CLANG_ENABLE_OBJC_ARC = YES;
				CLANG_ENABLE_OBJC_WEAK = YES;
				CLANG_WARN_BLOCK_CAPTURE_AUTORELEASING = YES;
				CLANG_WARN_BOOL_CONVERSION = YES;
				CLANG_WARN_COMMA = YES;
				CLANG_WARN_CONSTANT_CONVERSION = YES;
				CLANG_WARN_DEPRECATED_OBJC_IMPLEMENTATIONS = YES;
				CLANG_WARN_DIRECT_OBJC_ISA_USAGE = YES_ERROR;
				CLANG_WARN_DOCUMENTATION_COMMENTS = YES;
				CLANG_WARN_EMPTY_BODY = YES;
				CLANG_WARN_ENUM_CONVERSION = YES;
				CLANG_WARN_INFINITE_RECURSION = YES;
				CLANG_WARN_INT_CONVERSION = YES;
				CLANG_WARN_NON_LITERAL_NULL_CONVERSION = YES;
				CLANG_WARN_OBJC_IMPLICIT_RETAIN_SELF = YES;
				CLANG_WARN_OBJC_LITERAL_CONVERSION = YES;
				CLANG_WARN_OBJC_ROOT_CLASS = YES_ERROR;
				CLANG_WARN_RANGE_LOOP_ANALYSIS = YES;
				CLANG_WARN_STRICT_PROTOTYPES = YES;
				CLANG_WARN_SUSPICIOUS_MOVE = YES;
				CLANG_WARN_UNGUARDED_AVAILABILITY = YES_AGGRESSIVE;
				CLANG_WARN_UNREACHABLE_CODE = YES;
				CLANG_WARN__DUPLICATE_METHOD_MATCH = YES;
				CODE_SIGN_IDENTITY = "iPhone Developer";
				COPY_PHASE_STRIP = NO;
				CURRENT_PROJECT_VERSION = 1;
				DEBUG_INFORMATION_FORMAT = "dwarf-with-dsym";
				ENABLE_NS_ASSERTIONS = NO;
				ENABLE_STRICT_OBJC_MSGSEND = YES;
				GCC_C_LANGUAGE_STANDARD = gnu11;
				GCC_NO_COMMON_BLOCKS = YES;
				GCC_WARN_64_TO_32_BIT_CONVERSION = YES;
				GCC_WARN_ABOUT_RETURN_TYPE = YES_ERROR;
				GCC_WARN_UNDECLARED_SELECTOR = YES;
				GCC_WARN_UNINITIALIZED_AUTOS = YES_AGGRESSIVE;
				GCC_WARN_UNUSED_FUNCTION = YES;
				GCC_WARN_UNUSED_VARIABLE = YES;
				IPHONEOS_DEPLOYMENT_TARGET = 12.4;
				MTL_ENABLE_DEBUG_INFO = NO;
				MTL_FAST_MATH = YES;
				SDKROOT = iphoneos;
				SWIFT_COMPILATION_MODE = wholemodule;
				SWIFT_OPTIMIZATION_LEVEL = "-O";
				VALIDATE_PRODUCT = YES;
				VERSIONING_SYSTEM = "apple-generic";
				VERSION_INFO_PREFIX = "";
			};
			name = Release;
		};
		3058737723280BE3008A8024 /* Debug */ = {
			isa = XCBuildConfiguration;
			buildSettings = {
				CLANG_ENABLE_MODULES = YES;
				CODE_SIGN_IDENTITY = "";
				CODE_SIGN_STYLE = Automatic;
				DEFINES_MODULE = YES;
				DYLIB_COMPATIBILITY_VERSION = 1;
				DYLIB_CURRENT_VERSION = 1;
				DYLIB_INSTALL_NAME_BASE = "@rpath";
				INFOPLIST_FILE = Platypus/Info.plist;
				INSTALL_PATH = "$(LOCAL_LIBRARY_DIR)/Frameworks";
				LD_RUNPATH_SEARCH_PATHS = (
					"$(inherited)",
					"@executable_path/Frameworks",
					"@loader_path/Frameworks",
				);
				PRODUCT_BUNDLE_IDENTIFIER = gaoyuan.Platypus;
				PRODUCT_NAME = "$(TARGET_NAME:c99extidentifier)";
				SKIP_INSTALL = YES;
				SWIFT_OPTIMIZATION_LEVEL = "-Onone";
				SWIFT_VERSION = 5.0;
				TARGETED_DEVICE_FAMILY = "1,2";
			};
			name = Debug;
		};
		3058737823280BE3008A8024 /* Release */ = {
			isa = XCBuildConfiguration;
			buildSettings = {
				CLANG_ENABLE_MODULES = YES;
				CODE_SIGN_IDENTITY = "";
				CODE_SIGN_STYLE = Automatic;
				DEFINES_MODULE = YES;
				DYLIB_COMPATIBILITY_VERSION = 1;
				DYLIB_CURRENT_VERSION = 1;
				DYLIB_INSTALL_NAME_BASE = "@rpath";
				INFOPLIST_FILE = Platypus/Info.plist;
				INSTALL_PATH = "$(LOCAL_LIBRARY_DIR)/Frameworks";
				LD_RUNPATH_SEARCH_PATHS = (
					"$(inherited)",
					"@executable_path/Frameworks",
					"@loader_path/Frameworks",
				);
				PRODUCT_BUNDLE_IDENTIFIER = gaoyuan.Platypus;
				PRODUCT_NAME = "$(TARGET_NAME:c99extidentifier)";
				SKIP_INSTALL = YES;
				SWIFT_VERSION = 5.0;
				TARGETED_DEVICE_FAMILY = "1,2";
			};
			name = Release;
		};
		3058737A23280BE3008A8024 /* Debug */ = {
			isa = XCBuildConfiguration;
			buildSettings = {
				ALWAYS_EMBED_SWIFT_STANDARD_LIBRARIES = YES;
				CODE_SIGN_STYLE = Automatic;
				INFOPLIST_FILE = PlatypusTests/Info.plist;
				LD_RUNPATH_SEARCH_PATHS = (
					"$(inherited)",
					"@executable_path/Frameworks",
					"@loader_path/Frameworks",
				);
				PRODUCT_BUNDLE_IDENTIFIER = gaoyuan.PlatypusTests;
				PRODUCT_NAME = "$(TARGET_NAME)";
				SWIFT_VERSION = 5.0;
				TARGETED_DEVICE_FAMILY = "1,2";
			};
			name = Debug;
		};
		3058737B23280BE3008A8024 /* Release */ = {
			isa = XCBuildConfiguration;
			buildSettings = {
				ALWAYS_EMBED_SWIFT_STANDARD_LIBRARIES = YES;
				CODE_SIGN_STYLE = Automatic;
				INFOPLIST_FILE = PlatypusTests/Info.plist;
				LD_RUNPATH_SEARCH_PATHS = (
					"$(inherited)",
					"@executable_path/Frameworks",
					"@loader_path/Frameworks",
				);
				PRODUCT_BUNDLE_IDENTIFIER = gaoyuan.PlatypusTests;
				PRODUCT_NAME = "$(TARGET_NAME)";
				SWIFT_VERSION = 5.0;
				TARGETED_DEVICE_FAMILY = "1,2";
			};
			name = Release;
		};
/* End XCBuildConfiguration section */

/* Begin XCConfigurationList section */
		3058735C23280BE3008A8024 /* Build configuration list for PBXProject "Platypus" */ = {
			isa = XCConfigurationList;
			buildConfigurations = (
				3058737423280BE3008A8024 /* Debug */,
				3058737523280BE3008A8024 /* Release */,
			);
			defaultConfigurationIsVisible = 0;
			defaultConfigurationName = Release;
		};
		3058737623280BE3008A8024 /* Build configuration list for PBXNativeTarget "Platypus" */ = {
			isa = XCConfigurationList;
			buildConfigurations = (
				3058737723280BE3008A8024 /* Debug */,
				3058737823280BE3008A8024 /* Release */,
			);
			defaultConfigurationIsVisible = 0;
			defaultConfigurationName = Release;
		};
		3058737923280BE3008A8024 /* Build configuration list for PBXNativeTarget "PlatypusTests" */ = {
			isa = XCConfigurationList;
			buildConfigurations = (
				3058737A23280BE3008A8024 /* Debug */,
				3058737B23280BE3008A8024 /* Release */,
			);
			defaultConfigurationIsVisible = 0;
			defaultConfigurationName = Release;
		};
/* End XCConfigurationList section */
	};
	rootObject = 3058735923280BE3008A8024 /* Project object */;
}
